// !$*UTF8*$!
{
	archiveVersion = 1;
	classes = {
	};
	objectVersion = 46;
	objects = {

/* Begin PBXBuildFile section */
		34AD1CD97E269591B8FFD223 /* libPods-百思不得姐Tests.a in Frameworks */ = {isa = PBXBuildFile; fileRef = F359C5DD1CA0B03D92FA7C6F /* libPods-百思不得姐Tests.a */; };
		37305840D64ACECC42880F9C /* libPods-百思不得姐.a in Frameworks */ = {isa = PBXBuildFile; fileRef = D3E5CF293265281D6679F414 /* libPods-百思不得姐.a */; };
		900E78371D45D9DD000157BF /* NSString+GDStringExtension.m in Sources */ = {isa = PBXBuildFile; fileRef = 900E78361D45D9DD000157BF /* NSString+GDStringExtension.m */; };
		900E783A1D463B41000157BF /* GDSettingCell.m in Sources */ = {isa = PBXBuildFile; fileRef = 900E78391D463B41000157BF /* GDSettingCell.m */; };
		901996311D3FA4F500D8F4D3 /* GDADModel.m in Sources */ = {isa = PBXBuildFile; fileRef = 901996301D3FA4F500D8F4D3 /* GDADModel.m */; };
		9025ECD31D543CC1004456C2 /* GDSubscribeModel.m in Sources */ = {isa = PBXBuildFile; fileRef = 9025ECD21D543CC1004456C2 /* GDSubscribeModel.m */; };
		902B70E31D41D63700FB6AD5 /* GDSettingViewController.m in Sources */ = {isa = PBXBuildFile; fileRef = 902B70E21D41D63700FB6AD5 /* GDSettingViewController.m */; };
		9038EBD51D3F85A500F13684 /* AppDelegate.m in Sources */ = {isa = PBXBuildFile; fileRef = 9038EB881D3F85A500F13684 /* AppDelegate.m */; };
		9038EBD61D3F85A500F13684 /* Assets.xcassets in Resources */ = {isa = PBXBuildFile; fileRef = 9038EB891D3F85A500F13684 /* Assets.xcassets */; };
		9038EBD71D3F85A500F13684 /* LaunchScreen.storyboard in Resources */ = {isa = PBXBuildFile; fileRef = 9038EB8A1D3F85A500F13684 /* LaunchScreen.storyboard */; };
		9038EBD81D3F85A500F13684 /* GDEssenceViewContrller.m in Sources */ = {isa = PBXBuildFile; fileRef = 9038EB8F1D3F85A500F13684 /* GDEssenceViewContrller.m */; };
		9038EBD91D3F85A500F13684 /* GDEssenceModel.m in Sources */ = {isa = PBXBuildFile; fileRef = 9038EB921D3F85A500F13684 /* GDEssenceModel.m */; };
		9038EBDA1D3F85A500F13684 /* GDEssenceView.m in Sources */ = {isa = PBXBuildFile; fileRef = 9038EB951D3F85A500F13684 /* GDEssenceView.m */; };
		9038EBDB1D3F85A500F13684 /* GDFriendViewController.m in Sources */ = {isa = PBXBuildFile; fileRef = 9038EB991D3F85A500F13684 /* GDFriendViewController.m */; };
		9038EBDC1D3F85A500F13684 /* GDFriendModel.m in Sources */ = {isa = PBXBuildFile; fileRef = 9038EB9C1D3F85A500F13684 /* GDFriendModel.m */; };
		9038EBDD1D3F85A500F13684 /* GDFriendView.m in Sources */ = {isa = PBXBuildFile; fileRef = 9038EB9F1D3F85A500F13684 /* GDFriendView.m */; };
		9038EBDF1D3F85A500F13684 /* main.m in Sources */ = {isa = PBXBuildFile; fileRef = 9038EBA11D3F85A500F13684 /* main.m */; };
		9038EBE01D3F85A500F13684 /* GDMeViewController.m in Sources */ = {isa = PBXBuildFile; fileRef = 9038EBA51D3F85A500F13684 /* GDMeViewController.m */; };
		9038EBE11D3F85A500F13684 /* GDMeModel.m in Sources */ = {isa = PBXBuildFile; fileRef = 9038EBA81D3F85A500F13684 /* GDMeModel.m */; };
		9038EBE21D3F85A500F13684 /* GDFooterView.m in Sources */ = {isa = PBXBuildFile; fileRef = 9038EBAB1D3F85A500F13684 /* GDFooterView.m */; };
		9038EBE31D3F85A500F13684 /* GDMeView.m in Sources */ = {isa = PBXBuildFile; fileRef = 9038EBAD1D3F85A500F13684 /* GDMeView.m */; };
		9038EBE41D3F85A500F13684 /* GDTableViewCell.m in Sources */ = {isa = PBXBuildFile; fileRef = 9038EBAF1D3F85A500F13684 /* GDTableViewCell.m */; };
		9038EBE51D3F85A500F13684 /* GDTableViewCell.xib in Resources */ = {isa = PBXBuildFile; fileRef = 9038EBB01D3F85A500F13684 /* GDTableViewCell.xib */; };
		9038EBE61D3F85A500F13684 /* GDLoginRegisterViewController.m in Sources */ = {isa = PBXBuildFile; fileRef = 9038EBB41D3F85A500F13684 /* GDLoginRegisterViewController.m */; };
		9038EBE71D3F85A500F13684 /* GDNewViewController.m in Sources */ = {isa = PBXBuildFile; fileRef = 9038EBB61D3F85A500F13684 /* GDNewViewController.m */; };
		9038EBE81D3F85A500F13684 /* GDNewViewController.xib in Resources */ = {isa = PBXBuildFile; fileRef = 9038EBB71D3F85A500F13684 /* GDNewViewController.xib */; };
		9038EBE91D3F85A500F13684 /* GDNewModel.m in Sources */ = {isa = PBXBuildFile; fileRef = 9038EBBA1D3F85A500F13684 /* GDNewModel.m */; };
		9038EBEA1D3F85A500F13684 /* GDCustomButton.m in Sources */ = {isa = PBXBuildFile; fileRef = 9038EBBD1D3F85A500F13684 /* GDCustomButton.m */; };
		9038EBEB1D3F85A500F13684 /* GDLoginRegisterView.m in Sources */ = {isa = PBXBuildFile; fileRef = 9038EBBF1D3F85A500F13684 /* GDLoginRegisterView.m */; };
		9038EBEC1D3F85A500F13684 /* GDLoginTextField.m in Sources */ = {isa = PBXBuildFile; fileRef = 9038EBC11D3F85A500F13684 /* GDLoginTextField.m */; };
		9038EBED1D3F85A500F13684 /* GDNewView.m in Sources */ = {isa = PBXBuildFile; fileRef = 9038EBC31D3F85A500F13684 /* GDNewView.m */; };
		9038EBEE1D3F85A500F13684 /* GDBaseViewController.m in Sources */ = {isa = PBXBuildFile; fileRef = 9038EBC71D3F85A500F13684 /* GDBaseViewController.m */; };
		9038EBEF1D3F85A500F13684 /* GDNavigationController.m in Sources */ = {isa = PBXBuildFile; fileRef = 9038EBC91D3F85A500F13684 /* GDNavigationController.m */; };
		9038EBF01D3F85A500F13684 /* UIView+GDViewExtension.m in Sources */ = {isa = PBXBuildFile; fileRef = 9038EBCC1D3F85A500F13684 /* UIView+GDViewExtension.m */; };
		9038EBF11D3F85A500F13684 /* GDConstant.m in Sources */ = {isa = PBXBuildFile; fileRef = 9038EBCE1D3F85A500F13684 /* GDConstant.m */; };
		9038EBF21D3F85A500F13684 /* GDTabBar.m in Sources */ = {isa = PBXBuildFile; fileRef = 9038EBD21D3F85A500F13684 /* GDTabBar.m */; };
		9038EBF31D3F85A500F13684 /* GDTabbarController.m in Sources */ = {isa = PBXBuildFile; fileRef = 9038EBD41D3F85A500F13684 /* GDTabbarController.m */; };
		904340D41D51A766009A2D00 /* subscribe.swift in Sources */ = {isa = PBXBuildFile; fileRef = 904340D31D51A766009A2D00 /* subscribe.swift */; };
		904340D71D51D50F009A2D00 /* GDCommentModel.m in Sources */ = {isa = PBXBuildFile; fileRef = 904340D61D51D50F009A2D00 /* GDCommentModel.m */; };
		904340DA1D51D51C009A2D00 /* GDUserModel.m in Sources */ = {isa = PBXBuildFile; fileRef = 904340D91D51D51C009A2D00 /* GDUserModel.m */; };
		904EF7EC1D582D460037F916 /* GDHTTPManager.m in Sources */ = {isa = PBXBuildFile; fileRef = 904EF7EB1D582D460037F916 /* GDHTTPManager.m */; };
		905401661D58B77100576FF4 /* GDBrowsePictureController.m in Sources */ = {isa = PBXBuildFile; fileRef = 905401641D58B77100576FF4 /* GDBrowsePictureController.m */; };
		905401671D58B77100576FF4 /* GDBrowsePictureController.xib in Resources */ = {isa = PBXBuildFile; fileRef = 905401651D58B77100576FF4 /* GDBrowsePictureController.xib */; };
		9055C9B81D4F737B002EA391 /* GDRefreshBackFooter.m in Sources */ = {isa = PBXBuildFile; fileRef = 9055C9B71D4F737B002EA391 /* GDRefreshBackFooter.m */; };
		907D07571D4A10B800DCC150 /* GDTableViewController.m in Sources */ = {isa = PBXBuildFile; fileRef = 907D07561D4A10B800DCC150 /* GDTableViewController.m */; };
		9084F0901D546EF7003A9BB4 /* UIView+GDView.m in Sources */ = {isa = PBXBuildFile; fileRef = 9084F08F1D546EF7003A9BB4 /* UIView+GDView.m */; };
		9084F0981D547058003A9BB4 /* GDPictureView.xib in Resources */ = {isa = PBXBuildFile; fileRef = 9084F0971D547058003A9BB4 /* GDPictureView.xib */; };
		9084F09B1D5470BC003A9BB4 /* GDPictureView.m in Sources */ = {isa = PBXBuildFile; fileRef = 9084F09A1D5470BC003A9BB4 /* GDPictureView.m */; };
		9084F0A21D547E8C003A9BB4 /* GDPictureCell.m in Sources */ = {isa = PBXBuildFile; fileRef = 9084F0A11D547E8C003A9BB4 /* GDPictureCell.m */; };
		909933B71D5AC69F00381B88 /* GDCommentController.m in Sources */ = {isa = PBXBuildFile; fileRef = 909933B51D5AC69F00381B88 /* GDCommentController.m */; };
		909933B81D5AC69F00381B88 /* GDCommentController.xib in Resources */ = {isa = PBXBuildFile; fileRef = 909933B61D5AC69F00381B88 /* GDCommentController.xib */; };
		909BC3321D34CE7D00AA16ED /* _____Tests.m in Sources */ = {isa = PBXBuildFile; fileRef = 909BC3311D34CE7D00AA16ED /* _____Tests.m */; };
		909BC33D1D34CE7D00AA16ED /* _____UITests.m in Sources */ = {isa = PBXBuildFile; fileRef = 909BC33C1D34CE7D00AA16ED /* _____UITests.m */; };
		909D26011D40B78200B92E17 /* GDWebViewController.m in Sources */ = {isa = PBXBuildFile; fileRef = 909D25FF1D40B78200B92E17 /* GDWebViewController.m */; };
		909D26021D40B78200B92E17 /* GDWebViewController.xib in Resources */ = {isa = PBXBuildFile; fileRef = 909D26001D40B78200B92E17 /* GDWebViewController.xib */; };
		90B4E3621D48A85700BB8C64 /* GDTitleView.m in Sources */ = {isa = PBXBuildFile; fileRef = 90B4E3611D48A85700BB8C64 /* GDTitleView.m */; };
		90B4E3651D48FA2D00BB8C64 /* GDWholeTableViewController.m in Sources */ = {isa = PBXBuildFile; fileRef = 90B4E3641D48FA2D00BB8C64 /* GDWholeTableViewController.m */; };
		90B4E3681D48FA4C00BB8C64 /* GDVideoTableViewController.m in Sources */ = {isa = PBXBuildFile; fileRef = 90B4E3671D48FA4C00BB8C64 /* GDVideoTableViewController.m */; };
		90B4E36B1D48FA6B00BB8C64 /* GDVoiceTableViewController.m in Sources */ = {isa = PBXBuildFile; fileRef = 90B4E36A1D48FA6B00BB8C64 /* GDVoiceTableViewController.m */; };
		90B4E36E1D48FA7A00BB8C64 /* GDImageTableViewController.m in Sources */ = {isa = PBXBuildFile; fileRef = 90B4E36D1D48FA7A00BB8C64 /* GDImageTableViewController.m */; };
		90B4E3711D48FA9400BB8C64 /* GDTextTableViewController.m in Sources */ = {isa = PBXBuildFile; fileRef = 90B4E3701D48FA9400BB8C64 /* GDTextTableViewController.m */; };
		90CA42411D4FBDC400A5F908 /* GDTopicCell.m in Sources */ = {isa = PBXBuildFile; fileRef = 90CA42401D4FBDC400A5F908 /* GDTopicCell.m */; };
		90D0BCBA1D59AE1C00A64162 /* GDPhotosManager.m in Sources */ = {isa = PBXBuildFile; fileRef = 90D0BCB91D59AE1C00A64162 /* GDPhotosManager.m */; };
		90D21D881D4E52FA00A91334 /* GDRefreshNormalHeader.m in Sources */ = {isa = PBXBuildFile; fileRef = 90D21D871D4E52FA00A91334 /* GDRefreshNormalHeader.m */; };
		90D73B451D4A37E100F1B51B /* GDTopic.m in Sources */ = {isa = PBXBuildFile; fileRef = 90D73B441D4A37E100F1B51B /* GDTopic.m */; };
		90D73B4A1D4A46DD00F1B51B /* GDArrayDataSource.m in Sources */ = {isa = PBXBuildFile; fileRef = 90D73B491D4A46DD00F1B51B /* GDArrayDataSource.m */; };
		90E65A991D40A50A00F696AF /* GDSquareButton.m in Sources */ = {isa = PBXBuildFile; fileRef = 90E65A981D40A50A00F696AF /* GDSquareButton.m */; };
		90F7D3A91D5750F800891247 /* GDMediaView.m in Sources */ = {isa = PBXBuildFile; fileRef = 90F7D3A81D5750F800891247 /* GDMediaView.m */; };
		90F7D3AB1D57510B00891247 /* GDMediaView.xib in Resources */ = {isa = PBXBuildFile; fileRef = 90F7D3AA1D57510B00891247 /* GDMediaView.xib */; };
		90F7D3AE1D5753FE00891247 /* GDMediaCell.m in Sources */ = {isa = PBXBuildFile; fileRef = 90F7D3AD1D5753FE00891247 /* GDMediaCell.m */; };
		90F94CC81D50C6B700443F81 /* GDbaseCell.m in Sources */ = {isa = PBXBuildFile; fileRef = 90F94CC71D50C6B700443F81 /* GDbaseCell.m */; };
		A94FFD0B21CF8B7C1045B411 /* libPods-百思不得姐UITests.a in Frameworks */ = {isa = PBXBuildFile; fileRef = C85D03ED1677E5D9D263ED58 /* libPods-百思不得姐UITests.a */; };
/* End PBXBuildFile section */

/* Begin PBXContainerItemProxy section */
		909BC32E1D34CE7D00AA16ED /* PBXContainerItemProxy */ = {
			isa = PBXContainerItemProxy;
			containerPortal = 909BC30C1D34CE7D00AA16ED /* Project object */;
			proxyType = 1;
			remoteGlobalIDString = 909BC3131D34CE7D00AA16ED;
			remoteInfo = "百思不得姐";
		};
		909BC3391D34CE7D00AA16ED /* PBXContainerItemProxy */ = {
			isa = PBXContainerItemProxy;
			containerPortal = 909BC30C1D34CE7D00AA16ED /* Project object */;
			proxyType = 1;
			remoteGlobalIDString = 909BC3131D34CE7D00AA16ED;
			remoteInfo = "百思不得姐";
		};
/* End PBXContainerItemProxy section */

/* Begin PBXFileReference section */
		30C02085DCA2CE47C129CFE3 /* Pods-百思不得姐Tests.release.xcconfig */ = {isa = PBXFileReference; includeInIndex = 1; lastKnownFileType = text.xcconfig; name = "Pods-百思不得姐Tests.release.xcconfig"; path = "Pods/Target Support Files/Pods-百思不得姐Tests/Pods-百思不得姐Tests.release.xcconfig"; sourceTree = "<group>"; };
		620A0E08BA0C98B00A0056F0 /* Pods-百思不得姐.release.xcconfig */ = {isa = PBXFileReference; includeInIndex = 1; lastKnownFileType = text.xcconfig; name = "Pods-百思不得姐.release.xcconfig"; path = "Pods/Target Support Files/Pods-百思不得姐/Pods-百思不得姐.release.xcconfig"; sourceTree = "<group>"; };
		8326036C5D7FF074BE3C05F5 /* Pods-百思不得姐Tests.debug.xcconfig */ = {isa = PBXFileReference; includeInIndex = 1; lastKnownFileType = text.xcconfig; name = "Pods-百思不得姐Tests.debug.xcconfig"; path = "Pods/Target Support Files/Pods-百思不得姐Tests/Pods-百思不得姐Tests.debug.xcconfig"; sourceTree = "<group>"; };
		900E78351D45D9DD000157BF /* NSString+GDStringExtension.h */ = {isa = PBXFileReference; fileEncoding = 4; lastKnownFileType = sourcecode.c.h; path = "NSString+GDStringExtension.h"; sourceTree = "<group>"; };
		900E78361D45D9DD000157BF /* NSString+GDStringExtension.m */ = {isa = PBXFileReference; fileEncoding = 4; lastKnownFileType = sourcecode.c.objc; path = "NSString+GDStringExtension.m"; sourceTree = "<group>"; };
		900E78381D463B41000157BF /* GDSettingCell.h */ = {isa = PBXFileReference; fileEncoding = 4; lastKnownFileType = sourcecode.c.h; path = GDSettingCell.h; sourceTree = "<group>"; };
		900E78391D463B41000157BF /* GDSettingCell.m */ = {isa = PBXFileReference; fileEncoding = 4; lastKnownFileType = sourcecode.c.objc; path = GDSettingCell.m; sourceTree = "<group>"; };
		9019962F1D3FA4F500D8F4D3 /* GDADModel.h */ = {isa = PBXFileReference; fileEncoding = 4; lastKnownFileType = sourcecode.c.h; path = GDADModel.h; sourceTree = "<group>"; };
		901996301D3FA4F500D8F4D3 /* GDADModel.m */ = {isa = PBXFileReference; fileEncoding = 4; lastKnownFileType = sourcecode.c.objc; path = GDADModel.m; sourceTree = "<group>"; };
		9025ECD11D543CC1004456C2 /* GDSubscribeModel.h */ = {isa = PBXFileReference; fileEncoding = 4; lastKnownFileType = sourcecode.c.h; path = GDSubscribeModel.h; sourceTree = "<group>"; };
		9025ECD21D543CC1004456C2 /* GDSubscribeModel.m */ = {isa = PBXFileReference; fileEncoding = 4; lastKnownFileType = sourcecode.c.objc; path = GDSubscribeModel.m; sourceTree = "<group>"; };
		902B70E11D41D63700FB6AD5 /* GDSettingViewController.h */ = {isa = PBXFileReference; fileEncoding = 4; lastKnownFileType = sourcecode.c.h; path = GDSettingViewController.h; sourceTree = "<group>"; };
		902B70E21D41D63700FB6AD5 /* GDSettingViewController.m */ = {isa = PBXFileReference; fileEncoding = 4; lastKnownFileType = sourcecode.c.objc; path = GDSettingViewController.m; sourceTree = "<group>"; };
		9038EB871D3F85A500F13684 /* AppDelegate.h */ = {isa = PBXFileReference; fileEncoding = 4; lastKnownFileType = sourcecode.c.h; path = AppDelegate.h; sourceTree = "<group>"; };
		9038EB881D3F85A500F13684 /* AppDelegate.m */ = {isa = PBXFileReference; fileEncoding = 4; lastKnownFileType = sourcecode.c.objc; path = AppDelegate.m; sourceTree = "<group>"; };
		9038EB891D3F85A500F13684 /* Assets.xcassets */ = {isa = PBXFileReference; lastKnownFileType = folder.assetcatalog; path = Assets.xcassets; sourceTree = "<group>"; };
		9038EB8B1D3F85A500F13684 /* Base */ = {isa = PBXFileReference; lastKnownFileType = file.storyboard; name = Base; path = Base.lproj/LaunchScreen.storyboard; sourceTree = "<group>"; };
		9038EB8E1D3F85A500F13684 /* GDEssenceViewContrller.h */ = {isa = PBXFileReference; fileEncoding = 4; lastKnownFileType = sourcecode.c.h; path = GDEssenceViewContrller.h; sourceTree = "<group>"; };
		9038EB8F1D3F85A500F13684 /* GDEssenceViewContrller.m */ = {isa = PBXFileReference; fileEncoding = 4; lastKnownFileType = sourcecode.c.objc; path = GDEssenceViewContrller.m; sourceTree = "<group>"; };
		9038EB911D3F85A500F13684 /* GDEssenceModel.h */ = {isa = PBXFileReference; fileEncoding = 4; lastKnownFileType = sourcecode.c.h; path = GDEssenceModel.h; sourceTree = "<group>"; };
		9038EB921D3F85A500F13684 /* GDEssenceModel.m */ = {isa = PBXFileReference; fileEncoding = 4; lastKnownFileType = sourcecode.c.objc; path = GDEssenceModel.m; sourceTree = "<group>"; };
		9038EB941D3F85A500F13684 /* GDEssenceView.h */ = {isa = PBXFileReference; fileEncoding = 4; lastKnownFileType = sourcecode.c.h; path = GDEssenceView.h; sourceTree = "<group>"; };
		9038EB951D3F85A500F13684 /* GDEssenceView.m */ = {isa = PBXFileReference; fileEncoding = 4; lastKnownFileType = sourcecode.c.objc; path = GDEssenceView.m; sourceTree = "<group>"; };
		9038EB981D3F85A500F13684 /* GDFriendViewController.h */ = {isa = PBXFileReference; fileEncoding = 4; lastKnownFileType = sourcecode.c.h; path = GDFriendViewController.h; sourceTree = "<group>"; };
		9038EB991D3F85A500F13684 /* GDFriendViewController.m */ = {isa = PBXFileReference; fileEncoding = 4; lastKnownFileType = sourcecode.c.objc; path = GDFriendViewController.m; sourceTree = "<group>"; };
		9038EB9B1D3F85A500F13684 /* GDFriendModel.h */ = {isa = PBXFileReference; fileEncoding = 4; lastKnownFileType = sourcecode.c.h; path = GDFriendModel.h; sourceTree = "<group>"; };
		9038EB9C1D3F85A500F13684 /* GDFriendModel.m */ = {isa = PBXFileReference; fileEncoding = 4; lastKnownFileType = sourcecode.c.objc; path = GDFriendModel.m; sourceTree = "<group>"; };
		9038EB9E1D3F85A500F13684 /* GDFriendView.h */ = {isa = PBXFileReference; fileEncoding = 4; lastKnownFileType = sourcecode.c.h; path = GDFriendView.h; sourceTree = "<group>"; };
		9038EB9F1D3F85A500F13684 /* GDFriendView.m */ = {isa = PBXFileReference; fileEncoding = 4; lastKnownFileType = sourcecode.c.objc; path = GDFriendView.m; sourceTree = "<group>"; };
		9038EBA01D3F85A500F13684 /* Info.plist */ = {isa = PBXFileReference; fileEncoding = 4; lastKnownFileType = text.plist.xml; path = Info.plist; sourceTree = "<group>"; };
		9038EBA11D3F85A500F13684 /* main.m */ = {isa = PBXFileReference; fileEncoding = 4; lastKnownFileType = sourcecode.c.objc; path = main.m; sourceTree = "<group>"; };
		9038EBA41D3F85A500F13684 /* GDMeViewController.h */ = {isa = PBXFileReference; fileEncoding = 4; lastKnownFileType = sourcecode.c.h; path = GDMeViewController.h; sourceTree = "<group>"; };
		9038EBA51D3F85A500F13684 /* GDMeViewController.m */ = {isa = PBXFileReference; fileEncoding = 4; lastKnownFileType = sourcecode.c.objc; path = GDMeViewController.m; sourceTree = "<group>"; };
		9038EBA71D3F85A500F13684 /* GDMeModel.h */ = {isa = PBXFileReference; fileEncoding = 4; lastKnownFileType = sourcecode.c.h; path = GDMeModel.h; sourceTree = "<group>"; };
		9038EBA81D3F85A500F13684 /* GDMeModel.m */ = {isa = PBXFileReference; fileEncoding = 4; lastKnownFileType = sourcecode.c.objc; path = GDMeModel.m; sourceTree = "<group>"; };
		9038EBAA1D3F85A500F13684 /* GDFooterView.h */ = {isa = PBXFileReference; fileEncoding = 4; lastKnownFileType = sourcecode.c.h; path = GDFooterView.h; sourceTree = "<group>"; };
		9038EBAB1D3F85A500F13684 /* GDFooterView.m */ = {isa = PBXFileReference; fileEncoding = 4; lastKnownFileType = sourcecode.c.objc; path = GDFooterView.m; sourceTree = "<group>"; };
		9038EBAC1D3F85A500F13684 /* GDMeView.h */ = {isa = PBXFileReference; fileEncoding = 4; lastKnownFileType = sourcecode.c.h; path = GDMeView.h; sourceTree = "<group>"; };
		9038EBAD1D3F85A500F13684 /* GDMeView.m */ = {isa = PBXFileReference; fileEncoding = 4; lastKnownFileType = sourcecode.c.objc; path = GDMeView.m; sourceTree = "<group>"; };
		9038EBAE1D3F85A500F13684 /* GDTableViewCell.h */ = {isa = PBXFileReference; fileEncoding = 4; lastKnownFileType = sourcecode.c.h; path = GDTableViewCell.h; sourceTree = "<group>"; };
		9038EBAF1D3F85A500F13684 /* GDTableViewCell.m */ = {isa = PBXFileReference; fileEncoding = 4; lastKnownFileType = sourcecode.c.objc; path = GDTableViewCell.m; sourceTree = "<group>"; };
		9038EBB01D3F85A500F13684 /* GDTableViewCell.xib */ = {isa = PBXFileReference; fileEncoding = 4; lastKnownFileType = file.xib; path = GDTableViewCell.xib; sourceTree = "<group>"; };
		9038EBB31D3F85A500F13684 /* GDLoginRegisterViewController.h */ = {isa = PBXFileReference; fileEncoding = 4; lastKnownFileType = sourcecode.c.h; path = GDLoginRegisterViewController.h; sourceTree = "<group>"; };
		9038EBB41D3F85A500F13684 /* GDLoginRegisterViewController.m */ = {isa = PBXFileReference; fileEncoding = 4; lastKnownFileType = sourcecode.c.objc; path = GDLoginRegisterViewController.m; sourceTree = "<group>"; };
		9038EBB51D3F85A500F13684 /* GDNewViewController.h */ = {isa = PBXFileReference; fileEncoding = 4; lastKnownFileType = sourcecode.c.h; path = GDNewViewController.h; sourceTree = "<group>"; };
		9038EBB61D3F85A500F13684 /* GDNewViewController.m */ = {isa = PBXFileReference; fileEncoding = 4; lastKnownFileType = sourcecode.c.objc; path = GDNewViewController.m; sourceTree = "<group>"; };
		9038EBB71D3F85A500F13684 /* GDNewViewController.xib */ = {isa = PBXFileReference; fileEncoding = 4; lastKnownFileType = file.xib; path = GDNewViewController.xib; sourceTree = "<group>"; };
		9038EBB91D3F85A500F13684 /* GDNewModel.h */ = {isa = PBXFileReference; fileEncoding = 4; lastKnownFileType = sourcecode.c.h; path = GDNewModel.h; sourceTree = "<group>"; };
		9038EBBA1D3F85A500F13684 /* GDNewModel.m */ = {isa = PBXFileReference; fileEncoding = 4; lastKnownFileType = sourcecode.c.objc; path = GDNewModel.m; sourceTree = "<group>"; };
		9038EBBC1D3F85A500F13684 /* GDCustomButton.h */ = {isa = PBXFileReference; fileEncoding = 4; lastKnownFileType = sourcecode.c.h; path = GDCustomButton.h; sourceTree = "<group>"; };
		9038EBBD1D3F85A500F13684 /* GDCustomButton.m */ = {isa = PBXFileReference; fileEncoding = 4; lastKnownFileType = sourcecode.c.objc; path = GDCustomButton.m; sourceTree = "<group>"; };
		9038EBBE1D3F85A500F13684 /* GDLoginRegisterView.h */ = {isa = PBXFileReference; fileEncoding = 4; lastKnownFileType = sourcecode.c.h; path = GDLoginRegisterView.h; sourceTree = "<group>"; };
		9038EBBF1D3F85A500F13684 /* GDLoginRegisterView.m */ = {isa = PBXFileReference; fileEncoding = 4; lastKnownFileType = sourcecode.c.objc; path = GDLoginRegisterView.m; sourceTree = "<group>"; };
		9038EBC01D3F85A500F13684 /* GDLoginTextField.h */ = {isa = PBXFileReference; fileEncoding = 4; lastKnownFileType = sourcecode.c.h; path = GDLoginTextField.h; sourceTree = "<group>"; };
		9038EBC11D3F85A500F13684 /* GDLoginTextField.m */ = {isa = PBXFileReference; fileEncoding = 4; lastKnownFileType = sourcecode.c.objc; path = GDLoginTextField.m; sourceTree = "<group>"; };
		9038EBC21D3F85A500F13684 /* GDNewView.h */ = {isa = PBXFileReference; fileEncoding = 4; lastKnownFileType = sourcecode.c.h; path = GDNewView.h; sourceTree = "<group>"; };
		9038EBC31D3F85A500F13684 /* GDNewView.m */ = {isa = PBXFileReference; fileEncoding = 4; lastKnownFileType = sourcecode.c.objc; path = GDNewView.m; sourceTree = "<group>"; };
		9038EBC61D3F85A500F13684 /* GDBaseViewController.h */ = {isa = PBXFileReference; fileEncoding = 4; lastKnownFileType = sourcecode.c.h; path = GDBaseViewController.h; sourceTree = "<group>"; };
		9038EBC71D3F85A500F13684 /* GDBaseViewController.m */ = {isa = PBXFileReference; fileEncoding = 4; lastKnownFileType = sourcecode.c.objc; path = GDBaseViewController.m; sourceTree = "<group>"; };
		9038EBC81D3F85A500F13684 /* GDNavigationController.h */ = {isa = PBXFileReference; fileEncoding = 4; lastKnownFileType = sourcecode.c.h; path = GDNavigationController.h; sourceTree = "<group>"; };
		9038EBC91D3F85A500F13684 /* GDNavigationController.m */ = {isa = PBXFileReference; fileEncoding = 4; lastKnownFileType = sourcecode.c.objc; path = GDNavigationController.m; sourceTree = "<group>"; };
		9038EBCB1D3F85A500F13684 /* UIView+GDViewExtension.h */ = {isa = PBXFileReference; fileEncoding = 4; lastKnownFileType = sourcecode.c.h; path = "UIView+GDViewExtension.h"; sourceTree = "<group>"; };
		9038EBCC1D3F85A500F13684 /* UIView+GDViewExtension.m */ = {isa = PBXFileReference; fileEncoding = 4; lastKnownFileType = sourcecode.c.objc; path = "UIView+GDViewExtension.m"; sourceTree = "<group>"; };
		9038EBCD1D3F85A500F13684 /* GDConstant.h */ = {isa = PBXFileReference; fileEncoding = 4; lastKnownFileType = sourcecode.c.h; path = GDConstant.h; sourceTree = "<group>"; };
		9038EBCE1D3F85A500F13684 /* GDConstant.m */ = {isa = PBXFileReference; fileEncoding = 4; lastKnownFileType = sourcecode.c.objc; path = GDConstant.m; sourceTree = "<group>"; };
		9038EBCF1D3F85A500F13684 /* PrefixHeader.pch */ = {isa = PBXFileReference; fileEncoding = 4; lastKnownFileType = sourcecode.c.h; path = PrefixHeader.pch; sourceTree = "<group>"; };
		9038EBD11D3F85A500F13684 /* GDTabBar.h */ = {isa = PBXFileReference; fileEncoding = 4; lastKnownFileType = sourcecode.c.h; path = GDTabBar.h; sourceTree = "<group>"; };
		9038EBD21D3F85A500F13684 /* GDTabBar.m */ = {isa = PBXFileReference; fileEncoding = 4; lastKnownFileType = sourcecode.c.objc; path = GDTabBar.m; sourceTree = "<group>"; };
		9038EBD31D3F85A500F13684 /* GDTabbarController.h */ = {isa = PBXFileReference; fileEncoding = 4; lastKnownFileType = sourcecode.c.h; path = GDTabbarController.h; sourceTree = "<group>"; };
		9038EBD41D3F85A500F13684 /* GDTabbarController.m */ = {isa = PBXFileReference; fileEncoding = 4; lastKnownFileType = sourcecode.c.objc; path = GDTabbarController.m; sourceTree = "<group>"; };
		904340D01D51A731009A2D00 /* 百思不得姐-Bridging-Header.h */ = {isa = PBXFileReference; lastKnownFileType = sourcecode.c.h; path = "百思不得姐-Bridging-Header.h"; sourceTree = "<group>"; };
		904340D31D51A766009A2D00 /* subscribe.swift */ = {isa = PBXFileReference; fileEncoding = 4; lastKnownFileType = sourcecode.swift; path = subscribe.swift; sourceTree = "<group>"; };
		904340D51D51D50F009A2D00 /* GDCommentModel.h */ = {isa = PBXFileReference; fileEncoding = 4; lastKnownFileType = sourcecode.c.h; path = GDCommentModel.h; sourceTree = "<group>"; };
		904340D61D51D50F009A2D00 /* GDCommentModel.m */ = {isa = PBXFileReference; fileEncoding = 4; lastKnownFileType = sourcecode.c.objc; path = GDCommentModel.m; sourceTree = "<group>"; };
		904340D81D51D51C009A2D00 /* GDUserModel.h */ = {isa = PBXFileReference; fileEncoding = 4; lastKnownFileType = sourcecode.c.h; path = GDUserModel.h; sourceTree = "<group>"; };
		904340D91D51D51C009A2D00 /* GDUserModel.m */ = {isa = PBXFileReference; fileEncoding = 4; lastKnownFileType = sourcecode.c.objc; path = GDUserModel.m; sourceTree = "<group>"; };
		904EF7EA1D582D460037F916 /* GDHTTPManager.h */ = {isa = PBXFileReference; fileEncoding = 4; lastKnownFileType = sourcecode.c.h; path = GDHTTPManager.h; sourceTree = "<group>"; };
		904EF7EB1D582D460037F916 /* GDHTTPManager.m */ = {isa = PBXFileReference; fileEncoding = 4; lastKnownFileType = sourcecode.c.objc; path = GDHTTPManager.m; sourceTree = "<group>"; };
		905401631D58B77100576FF4 /* GDBrowsePictureController.h */ = {isa = PBXFileReference; fileEncoding = 4; lastKnownFileType = sourcecode.c.h; path = GDBrowsePictureController.h; sourceTree = "<group>"; };
		905401641D58B77100576FF4 /* GDBrowsePictureController.m */ = {isa = PBXFileReference; fileEncoding = 4; lastKnownFileType = sourcecode.c.objc; path = GDBrowsePictureController.m; sourceTree = "<group>"; };
		905401651D58B77100576FF4 /* GDBrowsePictureController.xib */ = {isa = PBXFileReference; fileEncoding = 4; lastKnownFileType = file.xib; path = GDBrowsePictureController.xib; sourceTree = "<group>"; };
		9055C9B61D4F737B002EA391 /* GDRefreshBackFooter.h */ = {isa = PBXFileReference; fileEncoding = 4; lastKnownFileType = sourcecode.c.h; path = GDRefreshBackFooter.h; sourceTree = "<group>"; };
		9055C9B71D4F737B002EA391 /* GDRefreshBackFooter.m */ = {isa = PBXFileReference; fileEncoding = 4; lastKnownFileType = sourcecode.c.objc; path = GDRefreshBackFooter.m; sourceTree = "<group>"; };
		907D07551D4A10B800DCC150 /* GDTableViewController.h */ = {isa = PBXFileReference; fileEncoding = 4; lastKnownFileType = sourcecode.c.h; path = GDTableViewController.h; sourceTree = "<group>"; };
		907D07561D4A10B800DCC150 /* GDTableViewController.m */ = {isa = PBXFileReference; fileEncoding = 4; lastKnownFileType = sourcecode.c.objc; path = GDTableViewController.m; sourceTree = "<group>"; };
		9084F08E1D546EF7003A9BB4 /* UIView+GDView.h */ = {isa = PBXFileReference; fileEncoding = 4; lastKnownFileType = sourcecode.c.h; name = "UIView+GDView.h"; path = "../baseClass/UIView+GDView.h"; sourceTree = "<group>"; };
		9084F08F1D546EF7003A9BB4 /* UIView+GDView.m */ = {isa = PBXFileReference; fileEncoding = 4; lastKnownFileType = sourcecode.c.objc; name = "UIView+GDView.m"; path = "../baseClass/UIView+GDView.m"; sourceTree = "<group>"; };
		9084F0971D547058003A9BB4 /* GDPictureView.xib */ = {isa = PBXFileReference; fileEncoding = 4; lastKnownFileType = file.xib; path = GDPictureView.xib; sourceTree = "<group>"; };
		9084F0991D5470BC003A9BB4 /* GDPictureView.h */ = {isa = PBXFileReference; fileEncoding = 4; lastKnownFileType = sourcecode.c.h; path = GDPictureView.h; sourceTree = "<group>"; };
		9084F09A1D5470BC003A9BB4 /* GDPictureView.m */ = {isa = PBXFileReference; fileEncoding = 4; lastKnownFileType = sourcecode.c.objc; path = GDPictureView.m; sourceTree = "<group>"; };
		9084F0A01D547E8C003A9BB4 /* GDPictureCell.h */ = {isa = PBXFileReference; fileEncoding = 4; lastKnownFileType = sourcecode.c.h; path = GDPictureCell.h; sourceTree = "<group>"; };
		9084F0A11D547E8C003A9BB4 /* GDPictureCell.m */ = {isa = PBXFileReference; fileEncoding = 4; lastKnownFileType = sourcecode.c.objc; path = GDPictureCell.m; sourceTree = "<group>"; };
		909933B41D5AC69F00381B88 /* GDCommentController.h */ = {isa = PBXFileReference; fileEncoding = 4; lastKnownFileType = sourcecode.c.h; path = GDCommentController.h; sourceTree = "<group>"; };
		909933B51D5AC69F00381B88 /* GDCommentController.m */ = {isa = PBXFileReference; fileEncoding = 4; lastKnownFileType = sourcecode.c.objc; path = GDCommentController.m; sourceTree = "<group>"; };
		909933B61D5AC69F00381B88 /* GDCommentController.xib */ = {isa = PBXFileReference; fileEncoding = 4; lastKnownFileType = file.xib; path = GDCommentController.xib; sourceTree = "<group>"; };
		909BC3141D34CE7D00AA16ED /* 百思不得姐.app */ = {isa = PBXFileReference; explicitFileType = wrapper.application; includeInIndex = 0; path = "百思不得姐.app"; sourceTree = BUILT_PRODUCTS_DIR; };
		909BC32D1D34CE7D00AA16ED /* 百思不得姐Tests.xctest */ = {isa = PBXFileReference; explicitFileType = wrapper.cfbundle; includeInIndex = 0; path = "百思不得姐Tests.xctest"; sourceTree = BUILT_PRODUCTS_DIR; };
		909BC3311D34CE7D00AA16ED /* _____Tests.m */ = {isa = PBXFileReference; lastKnownFileType = sourcecode.c.objc; path = "_____Tests.m"; sourceTree = "<group>"; };
		909BC3331D34CE7D00AA16ED /* Info.plist */ = {isa = PBXFileReference; lastKnownFileType = text.plist.xml; path = Info.plist; sourceTree = "<group>"; };
		909BC3381D34CE7D00AA16ED /* 百思不得姐UITests.xctest */ = {isa = PBXFileReference; explicitFileType = wrapper.cfbundle; includeInIndex = 0; path = "百思不得姐UITests.xctest"; sourceTree = BUILT_PRODUCTS_DIR; };
		909BC33C1D34CE7D00AA16ED /* _____UITests.m */ = {isa = PBXFileReference; lastKnownFileType = sourcecode.c.objc; path = "_____UITests.m"; sourceTree = "<group>"; };
		909BC33E1D34CE7D00AA16ED /* Info.plist */ = {isa = PBXFileReference; lastKnownFileType = text.plist.xml; path = Info.plist; sourceTree = "<group>"; };
		909D25FE1D40B78200B92E17 /* GDWebViewController.h */ = {isa = PBXFileReference; fileEncoding = 4; lastKnownFileType = sourcecode.c.h; path = GDWebViewController.h; sourceTree = "<group>"; };
		909D25FF1D40B78200B92E17 /* GDWebViewController.m */ = {isa = PBXFileReference; fileEncoding = 4; lastKnownFileType = sourcecode.c.objc; path = GDWebViewController.m; sourceTree = "<group>"; };
		909D26001D40B78200B92E17 /* GDWebViewController.xib */ = {isa = PBXFileReference; fileEncoding = 4; lastKnownFileType = file.xib; path = GDWebViewController.xib; sourceTree = "<group>"; };
		90B4E3601D48A85700BB8C64 /* GDTitleView.h */ = {isa = PBXFileReference; fileEncoding = 4; lastKnownFileType = sourcecode.c.h; path = GDTitleView.h; sourceTree = "<group>"; };
		90B4E3611D48A85700BB8C64 /* GDTitleView.m */ = {isa = PBXFileReference; fileEncoding = 4; lastKnownFileType = sourcecode.c.objc; path = GDTitleView.m; sourceTree = "<group>"; };
		90B4E3631D48FA2D00BB8C64 /* GDWholeTableViewController.h */ = {isa = PBXFileReference; fileEncoding = 4; lastKnownFileType = sourcecode.c.h; path = GDWholeTableViewController.h; sourceTree = "<group>"; };
		90B4E3641D48FA2D00BB8C64 /* GDWholeTableViewController.m */ = {isa = PBXFileReference; fileEncoding = 4; lastKnownFileType = sourcecode.c.objc; path = GDWholeTableViewController.m; sourceTree = "<group>"; };
		90B4E3661D48FA4C00BB8C64 /* GDVideoTableViewController.h */ = {isa = PBXFileReference; fileEncoding = 4; lastKnownFileType = sourcecode.c.h; path = GDVideoTableViewController.h; sourceTree = "<group>"; };
		90B4E3671D48FA4C00BB8C64 /* GDVideoTableViewController.m */ = {isa = PBXFileReference; fileEncoding = 4; lastKnownFileType = sourcecode.c.objc; path = GDVideoTableViewController.m; sourceTree = "<group>"; };
		90B4E3691D48FA6B00BB8C64 /* GDVoiceTableViewController.h */ = {isa = PBXFileReference; fileEncoding = 4; lastKnownFileType = sourcecode.c.h; path = GDVoiceTableViewController.h; sourceTree = "<group>"; };
		90B4E36A1D48FA6B00BB8C64 /* GDVoiceTableViewController.m */ = {isa = PBXFileReference; fileEncoding = 4; lastKnownFileType = sourcecode.c.objc; path = GDVoiceTableViewController.m; sourceTree = "<group>"; };
		90B4E36C1D48FA7A00BB8C64 /* GDImageTableViewController.h */ = {isa = PBXFileReference; fileEncoding = 4; lastKnownFileType = sourcecode.c.h; path = GDImageTableViewController.h; sourceTree = "<group>"; };
		90B4E36D1D48FA7A00BB8C64 /* GDImageTableViewController.m */ = {isa = PBXFileReference; fileEncoding = 4; lastKnownFileType = sourcecode.c.objc; path = GDImageTableViewController.m; sourceTree = "<group>"; };
		90B4E36F1D48FA9400BB8C64 /* GDTextTableViewController.h */ = {isa = PBXFileReference; fileEncoding = 4; lastKnownFileType = sourcecode.c.h; path = GDTextTableViewController.h; sourceTree = "<group>"; };
		90B4E3701D48FA9400BB8C64 /* GDTextTableViewController.m */ = {isa = PBXFileReference; fileEncoding = 4; lastKnownFileType = sourcecode.c.objc; path = GDTextTableViewController.m; sourceTree = "<group>"; };
		90CA423F1D4FBDC400A5F908 /* GDTopicCell.h */ = {isa = PBXFileReference; fileEncoding = 4; lastKnownFileType = sourcecode.c.h; path = GDTopicCell.h; sourceTree = "<group>"; };
		90CA42401D4FBDC400A5F908 /* GDTopicCell.m */ = {isa = PBXFileReference; fileEncoding = 4; lastKnownFileType = sourcecode.c.objc; path = GDTopicCell.m; sourceTree = "<group>"; };
		90D0BCB81D59AE1C00A64162 /* GDPhotosManager.h */ = {isa = PBXFileReference; fileEncoding = 4; lastKnownFileType = sourcecode.c.h; path = GDPhotosManager.h; sourceTree = "<group>"; };
		90D0BCB91D59AE1C00A64162 /* GDPhotosManager.m */ = {isa = PBXFileReference; fileEncoding = 4; lastKnownFileType = sourcecode.c.objc; path = GDPhotosManager.m; sourceTree = "<group>"; };
		90D21D861D4E52FA00A91334 /* GDRefreshNormalHeader.h */ = {isa = PBXFileReference; fileEncoding = 4; lastKnownFileType = sourcecode.c.h; path = GDRefreshNormalHeader.h; sourceTree = "<group>"; };
		90D21D871D4E52FA00A91334 /* GDRefreshNormalHeader.m */ = {isa = PBXFileReference; fileEncoding = 4; lastKnownFileType = sourcecode.c.objc; path = GDRefreshNormalHeader.m; sourceTree = "<group>"; };
		90D73B431D4A37E100F1B51B /* GDTopic.h */ = {isa = PBXFileReference; fileEncoding = 4; lastKnownFileType = sourcecode.c.h; path = GDTopic.h; sourceTree = "<group>"; };
		90D73B441D4A37E100F1B51B /* GDTopic.m */ = {isa = PBXFileReference; fileEncoding = 4; lastKnownFileType = sourcecode.c.objc; path = GDTopic.m; sourceTree = "<group>"; };
		90D73B481D4A46DD00F1B51B /* GDArrayDataSource.h */ = {isa = PBXFileReference; fileEncoding = 4; lastKnownFileType = sourcecode.c.h; path = GDArrayDataSource.h; sourceTree = "<group>"; };
		90D73B491D4A46DD00F1B51B /* GDArrayDataSource.m */ = {isa = PBXFileReference; fileEncoding = 4; lastKnownFileType = sourcecode.c.objc; path = GDArrayDataSource.m; sourceTree = "<group>"; };
		90E65A971D40A50A00F696AF /* GDSquareButton.h */ = {isa = PBXFileReference; fileEncoding = 4; lastKnownFileType = sourcecode.c.h; path = GDSquareButton.h; sourceTree = "<group>"; };
		90E65A981D40A50A00F696AF /* GDSquareButton.m */ = {isa = PBXFileReference; fileEncoding = 4; lastKnownFileType = sourcecode.c.objc; path = GDSquareButton.m; sourceTree = "<group>"; };
		90F7D3A71D5750F800891247 /* GDMediaView.h */ = {isa = PBXFileReference; fileEncoding = 4; lastKnownFileType = sourcecode.c.h; path = GDMediaView.h; sourceTree = "<group>"; };
		90F7D3A81D5750F800891247 /* GDMediaView.m */ = {isa = PBXFileReference; fileEncoding = 4; lastKnownFileType = sourcecode.c.objc; path = GDMediaView.m; sourceTree = "<group>"; };
		90F7D3AA1D57510B00891247 /* GDMediaView.xib */ = {isa = PBXFileReference; fileEncoding = 4; lastKnownFileType = file.xib; path = GDMediaView.xib; sourceTree = "<group>"; };
		90F7D3AD1D5753FE00891247 /* GDMediaCell.m */ = {isa = PBXFileReference; fileEncoding = 4; lastKnownFileType = sourcecode.c.objc; path = GDMediaCell.m; sourceTree = "<group>"; };
		90F7D3AF1D575DB900891247 /* GDMediaCell.h */ = {isa = PBXFileReference; fileEncoding = 4; lastKnownFileType = sourcecode.c.h; path = GDMediaCell.h; sourceTree = "<group>"; };
		90F94CC61D50C6B700443F81 /* GDbaseCell.h */ = {isa = PBXFileReference; fileEncoding = 4; lastKnownFileType = sourcecode.c.h; path = GDbaseCell.h; sourceTree = "<group>"; };
		90F94CC71D50C6B700443F81 /* GDbaseCell.m */ = {isa = PBXFileReference; fileEncoding = 4; lastKnownFileType = sourcecode.c.objc; path = GDbaseCell.m; sourceTree = "<group>"; };
		9A97EEC2DFF07A6FEB7F7A97 /* Pods-百思不得姐.debug.xcconfig */ = {isa = PBXFileReference; includeInIndex = 1; lastKnownFileType = text.xcconfig; name = "Pods-百思不得姐.debug.xcconfig"; path = "Pods/Target Support Files/Pods-百思不得姐/Pods-百思不得姐.debug.xcconfig"; sourceTree = "<group>"; };
		A472E276499FA180BB05483B /* Pods-百思不得姐UITests.debug.xcconfig */ = {isa = PBXFileReference; includeInIndex = 1; lastKnownFileType = text.xcconfig; name = "Pods-百思不得姐UITests.debug.xcconfig"; path = "Pods/Target Support Files/Pods-百思不得姐UITests/Pods-百思不得姐UITests.debug.xcconfig"; sourceTree = "<group>"; };
		C85D03ED1677E5D9D263ED58 /* libPods-百思不得姐UITests.a */ = {isa = PBXFileReference; explicitFileType = archive.ar; includeInIndex = 0; path = "libPods-百思不得姐UITests.a"; sourceTree = BUILT_PRODUCTS_DIR; };
		D3E5CF293265281D6679F414 /* libPods-百思不得姐.a */ = {isa = PBXFileReference; explicitFileType = archive.ar; includeInIndex = 0; path = "libPods-百思不得姐.a"; sourceTree = BUILT_PRODUCTS_DIR; };
		ED47B72E69692BD0666D1B5D /* Pods-百思不得姐UITests.release.xcconfig */ = {isa = PBXFileReference; includeInIndex = 1; lastKnownFileType = text.xcconfig; name = "Pods-百思不得姐UITests.release.xcconfig"; path = "Pods/Target Support Files/Pods-百思不得姐UITests/Pods-百思不得姐UITests.release.xcconfig"; sourceTree = "<group>"; };
		F359C5DD1CA0B03D92FA7C6F /* libPods-百思不得姐Tests.a */ = {isa = PBXFileReference; explicitFileType = archive.ar; includeInIndex = 0; path = "libPods-百思不得姐Tests.a"; sourceTree = BUILT_PRODUCTS_DIR; };
/* End PBXFileReference section */

/* Begin PBXFrameworksBuildPhase section */
		909BC3111D34CE7D00AA16ED /* Frameworks */ = {
			isa = PBXFrameworksBuildPhase;
			buildActionMask = 2147483647;
			files = (
				37305840D64ACECC42880F9C /* libPods-百思不得姐.a in Frameworks */,
			);
			runOnlyForDeploymentPostprocessing = 0;
		};
		909BC32A1D34CE7D00AA16ED /* Frameworks */ = {
			isa = PBXFrameworksBuildPhase;
			buildActionMask = 2147483647;
			files = (
				34AD1CD97E269591B8FFD223 /* libPods-百思不得姐Tests.a in Frameworks */,
			);
			runOnlyForDeploymentPostprocessing = 0;
		};
		909BC3351D34CE7D00AA16ED /* Frameworks */ = {
			isa = PBXFrameworksBuildPhase;
			buildActionMask = 2147483647;
			files = (
				A94FFD0B21CF8B7C1045B411 /* libPods-百思不得姐UITests.a in Frameworks */,
			);
			runOnlyForDeploymentPostprocessing = 0;
		};
/* End PBXFrameworksBuildPhase section */

/* Begin PBXGroup section */
		0BBBEA143C34DF567A3191D8 /* Frameworks */ = {
			isa = PBXGroup;
			children = (
				D3E5CF293265281D6679F414 /* libPods-百思不得姐.a */,
				F359C5DD1CA0B03D92FA7C6F /* libPods-百思不得姐Tests.a */,
				C85D03ED1677E5D9D263ED58 /* libPods-百思不得姐UITests.a */,
			);
			name = Frameworks;
			sourceTree = "<group>";
		};
		901E9BAD1D56EDA900CF64DB /* cell */ = {
			isa = PBXGroup;
			children = (
				90CA423F1D4FBDC400A5F908 /* GDTopicCell.h */,
				90CA42401D4FBDC400A5F908 /* GDTopicCell.m */,
				9084F0A01D547E8C003A9BB4 /* GDPictureCell.h */,
				9084F0A11D547E8C003A9BB4 /* GDPictureCell.m */,
				90F7D3AF1D575DB900891247 /* GDMediaCell.h */,
				90F7D3AD1D5753FE00891247 /* GDMediaCell.m */,
			);
			name = cell;
			sourceTree = "<group>";
		};
		9038EB861D3F85A500F13684 /* 百思不得姐 */ = {
			isa = PBXGroup;
			children = (
				9038EB8C1D3F85A500F13684 /* Essence */,
				9038EB961D3F85A500F13684 /* friend */,
				9038EBA21D3F85A500F13684 /* me */,
				9038EBB11D3F85A500F13684 /* new */,
				9038EBC41D3F85A500F13684 /* ohter */,
				9038EB871D3F85A500F13684 /* AppDelegate.h */,
				9038EB881D3F85A500F13684 /* AppDelegate.m */,
				9038EB891D3F85A500F13684 /* Assets.xcassets */,
				9038EB8A1D3F85A500F13684 /* LaunchScreen.storyboard */,
				9038EBA01D3F85A500F13684 /* Info.plist */,
				9038EBA11D3F85A500F13684 /* main.m */,
			);
			path = "百思不得姐";
			sourceTree = "<group>";
		};
		9038EB8C1D3F85A500F13684 /* Essence */ = {
			isa = PBXGroup;
			children = (
				9038EB8D1D3F85A500F13684 /* controller */,
				9038EB901D3F85A500F13684 /* model */,
				9038EB931D3F85A500F13684 /* view */,
			);
			path = Essence;
			sourceTree = "<group>";
		};
		9038EB8D1D3F85A500F13684 /* controller */ = {
			isa = PBXGroup;
			children = (
				909933B31D5AC64A00381B88 /* tableViewController */,
				904340D01D51A731009A2D00 /* 百思不得姐-Bridging-Header.h */,
				904340D31D51A766009A2D00 /* subscribe.swift */,
				90D73B481D4A46DD00F1B51B /* GDArrayDataSource.h */,
				90D73B491D4A46DD00F1B51B /* GDArrayDataSource.m */,
				905401631D58B77100576FF4 /* GDBrowsePictureController.h */,
				905401641D58B77100576FF4 /* GDBrowsePictureController.m */,
				905401651D58B77100576FF4 /* GDBrowsePictureController.xib */,
				909933B41D5AC69F00381B88 /* GDCommentController.h */,
				909933B51D5AC69F00381B88 /* GDCommentController.m */,
				909933B61D5AC69F00381B88 /* GDCommentController.xib */,
			);
			path = controller;
			sourceTree = "<group>";
		};
		9038EB901D3F85A500F13684 /* model */ = {
			isa = PBXGroup;
			children = (
				9038EB911D3F85A500F13684 /* GDEssenceModel.h */,
				9038EB921D3F85A500F13684 /* GDEssenceModel.m */,
				90D73B431D4A37E100F1B51B /* GDTopic.h */,
				90D73B441D4A37E100F1B51B /* GDTopic.m */,
				904340D51D51D50F009A2D00 /* GDCommentModel.h */,
				904340D61D51D50F009A2D00 /* GDCommentModel.m */,
				904340D81D51D51C009A2D00 /* GDUserModel.h */,
				904340D91D51D51C009A2D00 /* GDUserModel.m */,
				9025ECD11D543CC1004456C2 /* GDSubscribeModel.h */,
				9025ECD21D543CC1004456C2 /* GDSubscribeModel.m */,
			);
			path = model;
			sourceTree = "<group>";
		};
		9038EB931D3F85A500F13684 /* view */ = {
			isa = PBXGroup;
			children = (
				901E9BAD1D56EDA900CF64DB /* cell */,
				90B4E3601D48A85700BB8C64 /* GDTitleView.h */,
				90B4E3611D48A85700BB8C64 /* GDTitleView.m */,
				90F7D3AA1D57510B00891247 /* GDMediaView.xib */,
				90F7D3A71D5750F800891247 /* GDMediaView.h */,
				90F7D3A81D5750F800891247 /* GDMediaView.m */,
				9084F0971D547058003A9BB4 /* GDPictureView.xib */,
				9084F0991D5470BC003A9BB4 /* GDPictureView.h */,
				9084F09A1D5470BC003A9BB4 /* GDPictureView.m */,
				9038EB941D3F85A500F13684 /* GDEssenceView.h */,
				9038EB951D3F85A500F13684 /* GDEssenceView.m */,
			);
			path = view;
			sourceTree = "<group>";
		};
		9038EB961D3F85A500F13684 /* friend */ = {
			isa = PBXGroup;
			children = (
				9038EB971D3F85A500F13684 /* controller */,
				9038EB9A1D3F85A500F13684 /* model */,
				9038EB9D1D3F85A500F13684 /* view */,
			);
			path = friend;
			sourceTree = "<group>";
		};
		9038EB971D3F85A500F13684 /* controller */ = {
			isa = PBXGroup;
			children = (
				9038EB981D3F85A500F13684 /* GDFriendViewController.h */,
				9038EB991D3F85A500F13684 /* GDFriendViewController.m */,
			);
			path = controller;
			sourceTree = "<group>";
		};
		9038EB9A1D3F85A500F13684 /* model */ = {
			isa = PBXGroup;
			children = (
				9038EB9B1D3F85A500F13684 /* GDFriendModel.h */,
				9038EB9C1D3F85A500F13684 /* GDFriendModel.m */,
			);
			path = model;
			sourceTree = "<group>";
		};
		9038EB9D1D3F85A500F13684 /* view */ = {
			isa = PBXGroup;
			children = (
				9038EB9E1D3F85A500F13684 /* GDFriendView.h */,
				9038EB9F1D3F85A500F13684 /* GDFriendView.m */,
			);
			path = view;
			sourceTree = "<group>";
		};
		9038EBA21D3F85A500F13684 /* me */ = {
			isa = PBXGroup;
			children = (
				9038EBA31D3F85A500F13684 /* controller */,
				9038EBA91D3F85A500F13684 /* view */,
				9038EBA61D3F85A500F13684 /* model */,
			);
			path = me;
			sourceTree = "<group>";
		};
		9038EBA31D3F85A500F13684 /* controller */ = {
			isa = PBXGroup;
			children = (
				9038EBA41D3F85A500F13684 /* GDMeViewController.h */,
				9038EBA51D3F85A500F13684 /* GDMeViewController.m */,
				902B70E11D41D63700FB6AD5 /* GDSettingViewController.h */,
				902B70E21D41D63700FB6AD5 /* GDSettingViewController.m */,
				909D25FE1D40B78200B92E17 /* GDWebViewController.h */,
				909D25FF1D40B78200B92E17 /* GDWebViewController.m */,
				909D26001D40B78200B92E17 /* GDWebViewController.xib */,
			);
			path = controller;
			sourceTree = "<group>";
		};
		9038EBA61D3F85A500F13684 /* model */ = {
			isa = PBXGroup;
			children = (
				9038EBA71D3F85A500F13684 /* GDMeModel.h */,
				9038EBA81D3F85A500F13684 /* GDMeModel.m */,
				9019962F1D3FA4F500D8F4D3 /* GDADModel.h */,
				901996301D3FA4F500D8F4D3 /* GDADModel.m */,
			);
			path = model;
			sourceTree = "<group>";
		};
		9038EBA91D3F85A500F13684 /* view */ = {
			isa = PBXGroup;
			children = (
				9038EBAA1D3F85A500F13684 /* GDFooterView.h */,
				9038EBAB1D3F85A500F13684 /* GDFooterView.m */,
				9038EBAC1D3F85A500F13684 /* GDMeView.h */,
				90E65A971D40A50A00F696AF /* GDSquareButton.h */,
				90E65A981D40A50A00F696AF /* GDSquareButton.m */,
				9038EBAD1D3F85A500F13684 /* GDMeView.m */,
				9038EBAE1D3F85A500F13684 /* GDTableViewCell.h */,
				9038EBAF1D3F85A500F13684 /* GDTableViewCell.m */,
				9038EBB01D3F85A500F13684 /* GDTableViewCell.xib */,
				900E78381D463B41000157BF /* GDSettingCell.h */,
				900E78391D463B41000157BF /* GDSettingCell.m */,
			);
			path = view;
			sourceTree = "<group>";
		};
		9038EBB11D3F85A500F13684 /* new */ = {
			isa = PBXGroup;
			children = (
				9038EBB21D3F85A500F13684 /* controller */,
				9038EBB81D3F85A500F13684 /* model */,
				9038EBBB1D3F85A500F13684 /* view */,
			);
			path = new;
			sourceTree = "<group>";
		};
		9038EBB21D3F85A500F13684 /* controller */ = {
			isa = PBXGroup;
			children = (
				9038EBB31D3F85A500F13684 /* GDLoginRegisterViewController.h */,
				9038EBB41D3F85A500F13684 /* GDLoginRegisterViewController.m */,
				9038EBB51D3F85A500F13684 /* GDNewViewController.h */,
				9038EBB61D3F85A500F13684 /* GDNewViewController.m */,
				9038EBB71D3F85A500F13684 /* GDNewViewController.xib */,
			);
			path = controller;
			sourceTree = "<group>";
		};
		9038EBB81D3F85A500F13684 /* model */ = {
			isa = PBXGroup;
			children = (
				9038EBB91D3F85A500F13684 /* GDNewModel.h */,
				9038EBBA1D3F85A500F13684 /* GDNewModel.m */,
			);
			path = model;
			sourceTree = "<group>";
		};
		9038EBBB1D3F85A500F13684 /* view */ = {
			isa = PBXGroup;
			children = (
				9038EBBC1D3F85A500F13684 /* GDCustomButton.h */,
				9038EBBD1D3F85A500F13684 /* GDCustomButton.m */,
				9038EBBE1D3F85A500F13684 /* GDLoginRegisterView.h */,
				9038EBBF1D3F85A500F13684 /* GDLoginRegisterView.m */,
				9038EBC01D3F85A500F13684 /* GDLoginTextField.h */,
				9038EBC11D3F85A500F13684 /* GDLoginTextField.m */,
				9038EBC21D3F85A500F13684 /* GDNewView.h */,
				9038EBC31D3F85A500F13684 /* GDNewView.m */,
			);
			path = view;
			sourceTree = "<group>";
		};
		9038EBC41D3F85A500F13684 /* ohter */ = {
			isa = PBXGroup;
			children = (
				904EF7E91D582D290037F916 /* Singleton */,
				9038EBC51D3F85A500F13684 /* baseClass */,
				9038EBCA1D3F85A500F13684 /* extention */,
				9038EBD01D3F85A500F13684 /* tabbarController */,
				9038EBCD1D3F85A500F13684 /* GDConstant.h */,
				9038EBCE1D3F85A500F13684 /* GDConstant.m */,
				9038EBCF1D3F85A500F13684 /* PrefixHeader.pch */,
			);
			path = ohter;
			sourceTree = "<group>";
		};
		9038EBC51D3F85A500F13684 /* baseClass */ = {
			isa = PBXGroup;
			children = (
				9038EBC61D3F85A500F13684 /* GDBaseViewController.h */,
				9038EBC71D3F85A500F13684 /* GDBaseViewController.m */,
				9038EBC81D3F85A500F13684 /* GDNavigationController.h */,
				9038EBC91D3F85A500F13684 /* GDNavigationController.m */,
				90D21D861D4E52FA00A91334 /* GDRefreshNormalHeader.h */,
				90D21D871D4E52FA00A91334 /* GDRefreshNormalHeader.m */,
				9055C9B61D4F737B002EA391 /* GDRefreshBackFooter.h */,
				9055C9B71D4F737B002EA391 /* GDRefreshBackFooter.m */,
				90F94CC61D50C6B700443F81 /* GDbaseCell.h */,
				90F94CC71D50C6B700443F81 /* GDbaseCell.m */,
			);
			path = baseClass;
			sourceTree = "<group>";
		};
		9038EBCA1D3F85A500F13684 /* extention */ = {
			isa = PBXGroup;
			children = (
				9084F08E1D546EF7003A9BB4 /* UIView+GDView.h */,
				9084F08F1D546EF7003A9BB4 /* UIView+GDView.m */,
				9038EBCB1D3F85A500F13684 /* UIView+GDViewExtension.h */,
				9038EBCC1D3F85A500F13684 /* UIView+GDViewExtension.m */,
				900E78351D45D9DD000157BF /* NSString+GDStringExtension.h */,
				900E78361D45D9DD000157BF /* NSString+GDStringExtension.m */,
			);
			path = extention;
			sourceTree = "<group>";
		};
		9038EBD01D3F85A500F13684 /* tabbarController */ = {
			isa = PBXGroup;
			children = (
				9038EBD11D3F85A500F13684 /* GDTabBar.h */,
				9038EBD21D3F85A500F13684 /* GDTabBar.m */,
				9038EBD31D3F85A500F13684 /* GDTabbarController.h */,
				9038EBD41D3F85A500F13684 /* GDTabbarController.m */,
			);
			path = tabbarController;
			sourceTree = "<group>";
		};
		904EF7E91D582D290037F916 /* Singleton */ = {
			isa = PBXGroup;
			children = (
				904EF7EA1D582D460037F916 /* GDHTTPManager.h */,
				904EF7EB1D582D460037F916 /* GDHTTPManager.m */,
				90D0BCB81D59AE1C00A64162 /* GDPhotosManager.h */,
				90D0BCB91D59AE1C00A64162 /* GDPhotosManager.m */,
			);
			path = Singleton;
			sourceTree = "<group>";
		};
		909933B31D5AC64A00381B88 /* tableViewController */ = {
			isa = PBXGroup;
			children = (
				9038EB8E1D3F85A500F13684 /* GDEssenceViewContrller.h */,
				9038EB8F1D3F85A500F13684 /* GDEssenceViewContrller.m */,
				907D07551D4A10B800DCC150 /* GDTableViewController.h */,
				907D07561D4A10B800DCC150 /* GDTableViewController.m */,
				90B4E3631D48FA2D00BB8C64 /* GDWholeTableViewController.h */,
				90B4E3641D48FA2D00BB8C64 /* GDWholeTableViewController.m */,
				90B4E3661D48FA4C00BB8C64 /* GDVideoTableViewController.h */,
				90B4E3671D48FA4C00BB8C64 /* GDVideoTableViewController.m */,
				90B4E3691D48FA6B00BB8C64 /* GDVoiceTableViewController.h */,
				90B4E36A1D48FA6B00BB8C64 /* GDVoiceTableViewController.m */,
				90B4E36C1D48FA7A00BB8C64 /* GDImageTableViewController.h */,
				90B4E36D1D48FA7A00BB8C64 /* GDImageTableViewController.m */,
				90B4E36F1D48FA9400BB8C64 /* GDTextTableViewController.h */,
				90B4E3701D48FA9400BB8C64 /* GDTextTableViewController.m */,
			);
			name = tableViewController;
			sourceTree = "<group>";
		};
		909BC30B1D34CE7D00AA16ED = {
			isa = PBXGroup;
			children = (
				9038EB861D3F85A500F13684 /* 百思不得姐 */,
				909BC3301D34CE7D00AA16ED /* 百思不得姐Tests */,
				909BC33B1D34CE7D00AA16ED /* 百思不得姐UITests */,
				909BC3151D34CE7D00AA16ED /* Products */,
				F8EF6B49DE8ADC8520D43883 /* Pods */,
				0BBBEA143C34DF567A3191D8 /* Frameworks */,
			);
			sourceTree = "<group>";
		};
		909BC3151D34CE7D00AA16ED /* Products */ = {
			isa = PBXGroup;
			children = (
				909BC3141D34CE7D00AA16ED /* 百思不得姐.app */,
				909BC32D1D34CE7D00AA16ED /* 百思不得姐Tests.xctest */,
				909BC3381D34CE7D00AA16ED /* 百思不得姐UITests.xctest */,
			);
			name = Products;
			sourceTree = "<group>";
		};
		909BC3301D34CE7D00AA16ED /* 百思不得姐Tests */ = {
			isa = PBXGroup;
			children = (
				909BC3311D34CE7D00AA16ED /* _____Tests.m */,
				909BC3331D34CE7D00AA16ED /* Info.plist */,
			);
			path = "百思不得姐Tests";
			sourceTree = "<group>";
		};
		909BC33B1D34CE7D00AA16ED /* 百思不得姐UITests */ = {
			isa = PBXGroup;
			children = (
				909BC33C1D34CE7D00AA16ED /* _____UITests.m */,
				909BC33E1D34CE7D00AA16ED /* Info.plist */,
			);
			path = "百思不得姐UITests";
			sourceTree = "<group>";
		};
		F8EF6B49DE8ADC8520D43883 /* Pods */ = {
			isa = PBXGroup;
			children = (
				9A97EEC2DFF07A6FEB7F7A97 /* Pods-百思不得姐.debug.xcconfig */,
				620A0E08BA0C98B00A0056F0 /* Pods-百思不得姐.release.xcconfig */,
				8326036C5D7FF074BE3C05F5 /* Pods-百思不得姐Tests.debug.xcconfig */,
				30C02085DCA2CE47C129CFE3 /* Pods-百思不得姐Tests.release.xcconfig */,
				A472E276499FA180BB05483B /* Pods-百思不得姐UITests.debug.xcconfig */,
				ED47B72E69692BD0666D1B5D /* Pods-百思不得姐UITests.release.xcconfig */,
			);
			name = Pods;
			sourceTree = "<group>";
		};
/* End PBXGroup section */

/* Begin PBXNativeTarget section */
		909BC3131D34CE7D00AA16ED /* 百思不得姐 */ = {
			isa = PBXNativeTarget;
			buildConfigurationList = 909BC3411D34CE7D00AA16ED /* Build configuration list for PBXNativeTarget "百思不得姐" */;
			buildPhases = (
				F14B3AB402DBE227181F8300 /* [CP] Check Pods Manifest.lock */,
				909BC3101D34CE7D00AA16ED /* Sources */,
				909BC3111D34CE7D00AA16ED /* Frameworks */,
				909BC3121D34CE7D00AA16ED /* Resources */,
				88348E7411CA1497EBCFF599 /* [CP] Embed Pods Frameworks */,
				B17A6C0B1880D52618701985 /* [CP] Copy Pods Resources */,
			);
			buildRules = (
			);
			dependencies = (
			);
			name = "百思不得姐";
			productName = "百思不得姐";
			productReference = 909BC3141D34CE7D00AA16ED /* 百思不得姐.app */;
			productType = "com.apple.product-type.application";
		};
		909BC32C1D34CE7D00AA16ED /* 百思不得姐Tests */ = {
			isa = PBXNativeTarget;
			buildConfigurationList = 909BC3441D34CE7D00AA16ED /* Build configuration list for PBXNativeTarget "百思不得姐Tests" */;
			buildPhases = (
				37FC16DC92FB6681F5227A0A /* [CP] Check Pods Manifest.lock */,
				909BC3291D34CE7D00AA16ED /* Sources */,
				909BC32A1D34CE7D00AA16ED /* Frameworks */,
				909BC32B1D34CE7D00AA16ED /* Resources */,
				99AED9DBE7AB7F74112A211C /* [CP] Embed Pods Frameworks */,
				2E209638D551B700F40FC75B /* [CP] Copy Pods Resources */,
			);
			buildRules = (
			);
			dependencies = (
				909BC32F1D34CE7D00AA16ED /* PBXTargetDependency */,
			);
			name = "百思不得姐Tests";
			productName = "百思不得姐Tests";
			productReference = 909BC32D1D34CE7D00AA16ED /* 百思不得姐Tests.xctest */;
			productType = "com.apple.product-type.bundle.unit-test";
		};
		909BC3371D34CE7D00AA16ED /* 百思不得姐UITests */ = {
			isa = PBXNativeTarget;
			buildConfigurationList = 909BC3471D34CE7D00AA16ED /* Build configuration list for PBXNativeTarget "百思不得姐UITests" */;
			buildPhases = (
				F7E33DCC292AD8B7B05B55C8 /* [CP] Check Pods Manifest.lock */,
				909BC3341D34CE7D00AA16ED /* Sources */,
				909BC3351D34CE7D00AA16ED /* Frameworks */,
				909BC3361D34CE7D00AA16ED /* Resources */,
				D98B7ADC449606D10077044B /* [CP] Copy Pods Resources */,
			);
			buildRules = (
			);
			dependencies = (
				909BC33A1D34CE7D00AA16ED /* PBXTargetDependency */,
			);
			name = "百思不得姐UITests";
			productName = "百思不得姐UITests";
			productReference = 909BC3381D34CE7D00AA16ED /* 百思不得姐UITests.xctest */;
			productType = "com.apple.product-type.bundle.ui-testing";
		};
/* End PBXNativeTarget section */

/* Begin PBXProject section */
		909BC30C1D34CE7D00AA16ED /* Project object */ = {
			isa = PBXProject;
			attributes = {
				CLASSPREFIX = GD;
				LastUpgradeCheck = 0730;
				ORGANIZATIONNAME = "高冠东";
				TargetAttributes = {
					909BC3131D34CE7D00AA16ED = {
						CreatedOnToolsVersion = 7.3.1;
						DevelopmentTeam = 6PPZ4N88W2;
					};
					909BC32C1D34CE7D00AA16ED = {
						CreatedOnToolsVersion = 7.3.1;
						DevelopmentTeam = 6PPZ4N88W2;
						TestTargetID = 909BC3131D34CE7D00AA16ED;
					};
					909BC3371D34CE7D00AA16ED = {
						CreatedOnToolsVersion = 7.3.1;
						DevelopmentTeam = 6PPZ4N88W2;
						TestTargetID = 909BC3131D34CE7D00AA16ED;
					};
				};
			};
			buildConfigurationList = 909BC30F1D34CE7D00AA16ED /* Build configuration list for PBXProject "百思不得姐" */;
			compatibilityVersion = "Xcode 3.2";
			developmentRegion = English;
			hasScannedForEncodings = 0;
			knownRegions = (
				en,
				Base,
			);
			mainGroup = 909BC30B1D34CE7D00AA16ED;
			productRefGroup = 909BC3151D34CE7D00AA16ED /* Products */;
			projectDirPath = "";
			projectRoot = "";
			targets = (
				909BC3131D34CE7D00AA16ED /* 百思不得姐 */,
				909BC32C1D34CE7D00AA16ED /* 百思不得姐Tests */,
				909BC3371D34CE7D00AA16ED /* 百思不得姐UITests */,
			);
		};
/* End PBXProject section */

/* Begin PBXResourcesBuildPhase section */
		909BC3121D34CE7D00AA16ED /* Resources */ = {
			isa = PBXResourcesBuildPhase;
			buildActionMask = 2147483647;
			files = (
				90F7D3AB1D57510B00891247 /* GDMediaView.xib in Resources */,
				9038EBE81D3F85A500F13684 /* GDNewViewController.xib in Resources */,
				9038EBE51D3F85A500F13684 /* GDTableViewCell.xib in Resources */,
				905401671D58B77100576FF4 /* GDBrowsePictureController.xib in Resources */,
				9038EBD71D3F85A500F13684 /* LaunchScreen.storyboard in Resources */,
				909D26021D40B78200B92E17 /* GDWebViewController.xib in Resources */,
				9084F0981D547058003A9BB4 /* GDPictureView.xib in Resources */,
				909933B81D5AC69F00381B88 /* GDCommentController.xib in Resources */,
				9038EBD61D3F85A500F13684 /* Assets.xcassets in Resources */,
			);
			runOnlyForDeploymentPostprocessing = 0;
		};
		909BC32B1D34CE7D00AA16ED /* Resources */ = {
			isa = PBXResourcesBuildPhase;
			buildActionMask = 2147483647;
			files = (
			);
			runOnlyForDeploymentPostprocessing = 0;
		};
		909BC3361D34CE7D00AA16ED /* Resources */ = {
			isa = PBXResourcesBuildPhase;
			buildActionMask = 2147483647;
			files = (
			);
			runOnlyForDeploymentPostprocessing = 0;
		};
/* End PBXResourcesBuildPhase section */

/* Begin PBXShellScriptBuildPhase section */
		2E209638D551B700F40FC75B /* [CP] Copy Pods Resources */ = {
			isa = PBXShellScriptBuildPhase;
			buildActionMask = 2147483647;
			files = (
			);
			inputPaths = (
			);
			name = "[CP] Copy Pods Resources";
			outputPaths = (
			);
			runOnlyForDeploymentPostprocessing = 0;
			shellPath = /bin/sh;
			shellScript = "\"${SRCROOT}/Pods/Target Support Files/Pods-百思不得姐Tests/Pods-百思不得姐Tests-resources.sh\"\n";
			showEnvVarsInLog = 0;
		};
		37FC16DC92FB6681F5227A0A /* [CP] Check Pods Manifest.lock */ = {
			isa = PBXShellScriptBuildPhase;
			buildActionMask = 2147483647;
			files = (
			);
			inputPaths = (
			);
			name = "[CP] Check Pods Manifest.lock";
			outputPaths = (
			);
			runOnlyForDeploymentPostprocessing = 0;
			shellPath = /bin/sh;
			shellScript = "diff \"${PODS_ROOT}/../Podfile.lock\" \"${PODS_ROOT}/Manifest.lock\" > /dev/null\nif [[ $? != 0 ]] ; then\n    cat << EOM\nerror: The sandbox is not in sync with the Podfile.lock. Run 'pod install' or update your CocoaPods installation.\nEOM\n    exit 1\nfi\n";
			showEnvVarsInLog = 0;
		};
		88348E7411CA1497EBCFF599 /* [CP] Embed Pods Frameworks */ = {
			isa = PBXShellScriptBuildPhase;
			buildActionMask = 2147483647;
			files = (
			);
			inputPaths = (
			);
			name = "[CP] Embed Pods Frameworks";
			outputPaths = (
			);
			runOnlyForDeploymentPostprocessing = 0;
			shellPath = /bin/sh;
			shellScript = "\"${SRCROOT}/Pods/Target Support Files/Pods-百思不得姐/Pods-百思不得姐-frameworks.sh\"\n";
			showEnvVarsInLog = 0;
		};
		99AED9DBE7AB7F74112A211C /* [CP] Embed Pods Frameworks */ = {
			isa = PBXShellScriptBuildPhase;
			buildActionMask = 2147483647;
			files = (
			);
			inputPaths = (
			);
			name = "[CP] Embed Pods Frameworks";
			outputPaths = (
			);
			runOnlyForDeploymentPostprocessing = 0;
			shellPath = /bin/sh;
			shellScript = "\"${SRCROOT}/Pods/Target Support Files/Pods-百思不得姐Tests/Pods-百思不得姐Tests-frameworks.sh\"\n";
			showEnvVarsInLog = 0;
		};
		B17A6C0B1880D52618701985 /* [CP] Copy Pods Resources */ = {
			isa = PBXShellScriptBuildPhase;
			buildActionMask = 2147483647;
			files = (
			);
			inputPaths = (
			);
			name = "[CP] Copy Pods Resources";
			outputPaths = (
			);
			runOnlyForDeploymentPostprocessing = 0;
			shellPath = /bin/sh;
			shellScript = "\"${SRCROOT}/Pods/Target Support Files/Pods-百思不得姐/Pods-百思不得姐-resources.sh\"\n";
			showEnvVarsInLog = 0;
		};
		D98B7ADC449606D10077044B /* [CP] Copy Pods Resources */ = {
			isa = PBXShellScriptBuildPhase;
			buildActionMask = 2147483647;
			files = (
			);
			inputPaths = (
			);
			name = "[CP] Copy Pods Resources";
			outputPaths = (
			);
			runOnlyForDeploymentPostprocessing = 0;
			shellPath = /bin/sh;
			shellScript = "\"${SRCROOT}/Pods/Target Support Files/Pods-百思不得姐UITests/Pods-百思不得姐UITests-resources.sh\"\n";
			showEnvVarsInLog = 0;
		};
		F14B3AB402DBE227181F8300 /* [CP] Check Pods Manifest.lock */ = {
			isa = PBXShellScriptBuildPhase;
			buildActionMask = 2147483647;
			files = (
			);
			inputPaths = (
			);
			name = "[CP] Check Pods Manifest.lock";
			outputPaths = (
			);
			runOnlyForDeploymentPostprocessing = 0;
			shellPath = /bin/sh;
			shellScript = "diff \"${PODS_ROOT}/../Podfile.lock\" \"${PODS_ROOT}/Manifest.lock\" > /dev/null\nif [[ $? != 0 ]] ; then\n    cat << EOM\nerror: The sandbox is not in sync with the Podfile.lock. Run 'pod install' or update your CocoaPods installation.\nEOM\n    exit 1\nfi\n";
			showEnvVarsInLog = 0;
		};
		F7E33DCC292AD8B7B05B55C8 /* [CP] Check Pods Manifest.lock */ = {
			isa = PBXShellScriptBuildPhase;
			buildActionMask = 2147483647;
			files = (
			);
			inputPaths = (
			);
			name = "[CP] Check Pods Manifest.lock";
			outputPaths = (
			);
			runOnlyForDeploymentPostprocessing = 0;
			shellPath = /bin/sh;
			shellScript = "diff \"${PODS_ROOT}/../Podfile.lock\" \"${PODS_ROOT}/Manifest.lock\" > /dev/null\nif [[ $? != 0 ]] ; then\n    cat << EOM\nerror: The sandbox is not in sync with the Podfile.lock. Run 'pod install' or update your CocoaPods installation.\nEOM\n    exit 1\nfi\n";
			showEnvVarsInLog = 0;
		};
/* End PBXShellScriptBuildPhase section */

/* Begin PBXSourcesBuildPhase section */
		909BC3101D34CE7D00AA16ED /* Sources */ = {
			isa = PBXSourcesBuildPhase;
			buildActionMask = 2147483647;
			files = (
				902B70E31D41D63700FB6AD5 /* GDSettingViewController.m in Sources */,
				9025ECD31D543CC1004456C2 /* GDSubscribeModel.m in Sources */,
				9038EBDB1D3F85A500F13684 /* GDFriendViewController.m in Sources */,
				9038EBF01D3F85A500F13684 /* UIView+GDViewExtension.m in Sources */,
				9038EBD51D3F85A500F13684 /* AppDelegate.m in Sources */,
				9055C9B81D4F737B002EA391 /* GDRefreshBackFooter.m in Sources */,
				9084F0901D546EF7003A9BB4 /* UIView+GDView.m in Sources */,
				9038EBDF1D3F85A500F13684 /* main.m in Sources */,
				9038EBEC1D3F85A500F13684 /* GDLoginTextField.m in Sources */,
				90D73B451D4A37E100F1B51B /* GDTopic.m in Sources */,
				9038EBE11D3F85A500F13684 /* GDMeModel.m in Sources */,
				9038EBE31D3F85A500F13684 /* GDMeView.m in Sources */,
				907D07571D4A10B800DCC150 /* GDTableViewController.m in Sources */,
				9038EBF21D3F85A500F13684 /* GDTabBar.m in Sources */,
				90D0BCBA1D59AE1C00A64162 /* GDPhotosManager.m in Sources */,
				90B4E3711D48FA9400BB8C64 /* GDTextTableViewController.m in Sources */,
				9038EBDA1D3F85A500F13684 /* GDEssenceView.m in Sources */,
				9038EBD81D3F85A500F13684 /* GDEssenceViewContrller.m in Sources */,
				90F7D3A91D5750F800891247 /* GDMediaView.m in Sources */,
				9038EBE91D3F85A500F13684 /* GDNewModel.m in Sources */,
				9038EBE71D3F85A500F13684 /* GDNewViewController.m in Sources */,
				9038EBEA1D3F85A500F13684 /* GDCustomButton.m in Sources */,
				90B4E3681D48FA4C00BB8C64 /* GDVideoTableViewController.m in Sources */,
				904EF7EC1D582D460037F916 /* GDHTTPManager.m in Sources */,
				904340DA1D51D51C009A2D00 /* GDUserModel.m in Sources */,
				9038EBD91D3F85A500F13684 /* GDEssenceModel.m in Sources */,
				90B4E36E1D48FA7A00BB8C64 /* GDImageTableViewController.m in Sources */,
				9038EBEB1D3F85A500F13684 /* GDLoginRegisterView.m in Sources */,
				900E78371D45D9DD000157BF /* NSString+GDStringExtension.m in Sources */,
				90E65A991D40A50A00F696AF /* GDSquareButton.m in Sources */,
				9038EBEF1D3F85A500F13684 /* GDNavigationController.m in Sources */,
				900E783A1D463B41000157BF /* GDSettingCell.m in Sources */,
				9084F0A21D547E8C003A9BB4 /* GDPictureCell.m in Sources */,
				904340D71D51D50F009A2D00 /* GDCommentModel.m in Sources */,
				909D26011D40B78200B92E17 /* GDWebViewController.m in Sources */,
				9038EBED1D3F85A500F13684 /* GDNewView.m in Sources */,
				9038EBE01D3F85A500F13684 /* GDMeViewController.m in Sources */,
				904340D41D51A766009A2D00 /* subscribe.swift in Sources */,
				9038EBDD1D3F85A500F13684 /* GDFriendView.m in Sources */,
				90B4E3651D48FA2D00BB8C64 /* GDWholeTableViewController.m in Sources */,
				909933B71D5AC69F00381B88 /* GDCommentController.m in Sources */,
				90D21D881D4E52FA00A91334 /* GDRefreshNormalHeader.m in Sources */,
				90B4E3621D48A85700BB8C64 /* GDTitleView.m in Sources */,
				9038EBF11D3F85A500F13684 /* GDConstant.m in Sources */,
				9038EBE61D3F85A500F13684 /* GDLoginRegisterViewController.m in Sources */,
				905401661D58B77100576FF4 /* GDBrowsePictureController.m in Sources */,
				9038EBEE1D3F85A500F13684 /* GDBaseViewController.m in Sources */,
				90F94CC81D50C6B700443F81 /* GDbaseCell.m in Sources */,
				9084F09B1D5470BC003A9BB4 /* GDPictureView.m in Sources */,
				90D73B4A1D4A46DD00F1B51B /* GDArrayDataSource.m in Sources */,
				9038EBE21D3F85A500F13684 /* GDFooterView.m in Sources */,
				901996311D3FA4F500D8F4D3 /* GDADModel.m in Sources */,
				90F7D3AE1D5753FE00891247 /* GDMediaCell.m in Sources */,
				9038EBDC1D3F85A500F13684 /* GDFriendModel.m in Sources */,
				9038EBF31D3F85A500F13684 /* GDTabbarController.m in Sources */,
				9038EBE41D3F85A500F13684 /* GDTableViewCell.m in Sources */,
				90CA42411D4FBDC400A5F908 /* GDTopicCell.m in Sources */,
				90B4E36B1D48FA6B00BB8C64 /* GDVoiceTableViewController.m in Sources */,
			);
			runOnlyForDeploymentPostprocessing = 0;
		};
		909BC3291D34CE7D00AA16ED /* Sources */ = {
			isa = PBXSourcesBuildPhase;
			buildActionMask = 2147483647;
			files = (
				909BC3321D34CE7D00AA16ED /* _____Tests.m in Sources */,
			);
			runOnlyForDeploymentPostprocessing = 0;
		};
		909BC3341D34CE7D00AA16ED /* Sources */ = {
			isa = PBXSourcesBuildPhase;
			buildActionMask = 2147483647;
			files = (
				909BC33D1D34CE7D00AA16ED /* _____UITests.m in Sources */,
			);
			runOnlyForDeploymentPostprocessing = 0;
		};
/* End PBXSourcesBuildPhase section */

/* Begin PBXTargetDependency section */
		909BC32F1D34CE7D00AA16ED /* PBXTargetDependency */ = {
			isa = PBXTargetDependency;
			target = 909BC3131D34CE7D00AA16ED /* 百思不得姐 */;
			targetProxy = 909BC32E1D34CE7D00AA16ED /* PBXContainerItemProxy */;
		};
		909BC33A1D34CE7D00AA16ED /* PBXTargetDependency */ = {
			isa = PBXTargetDependency;
			target = 909BC3131D34CE7D00AA16ED /* 百思不得姐 */;
			targetProxy = 909BC3391D34CE7D00AA16ED /* PBXContainerItemProxy */;
		};
/* End PBXTargetDependency section */

/* Begin PBXVariantGroup section */
		9038EB8A1D3F85A500F13684 /* LaunchScreen.storyboard */ = {
			isa = PBXVariantGroup;
			children = (
				9038EB8B1D3F85A500F13684 /* Base */,
			);
			name = LaunchScreen.storyboard;
			sourceTree = "<group>";
		};
/* End PBXVariantGroup section */

/* Begin XCBuildConfiguration section */
		909BC33F1D34CE7D00AA16ED /* Debug */ = {
			isa = XCBuildConfiguration;
			buildSettings = {
				ALWAYS_SEARCH_USER_PATHS = NO;
				CLANG_ANALYZER_NONNULL = YES;
				CLANG_CXX_LANGUAGE_STANDARD = "gnu++0x";
				CLANG_CXX_LIBRARY = "libc++";
				CLANG_ENABLE_MODULES = YES;
				CLANG_ENABLE_OBJC_ARC = YES;
				CLANG_WARN_BOOL_CONVERSION = YES;
				CLANG_WARN_CONSTANT_CONVERSION = YES;
				CLANG_WARN_DIRECT_OBJC_ISA_USAGE = YES_ERROR;
				CLANG_WARN_EMPTY_BODY = YES;
				CLANG_WARN_ENUM_CONVERSION = YES;
				CLANG_WARN_INT_CONVERSION = YES;
				CLANG_WARN_OBJC_ROOT_CLASS = YES_ERROR;
				CLANG_WARN_UNREACHABLE_CODE = YES;
				CLANG_WARN__DUPLICATE_METHOD_MATCH = YES;
				"CODE_SIGN_IDENTITY[sdk=iphoneos*]" = "iPhone Developer";
				COPY_PHASE_STRIP = NO;
				DEBUG_INFORMATION_FORMAT = dwarf;
				ENABLE_STRICT_OBJC_MSGSEND = YES;
				ENABLE_TESTABILITY = YES;
				GCC_C_LANGUAGE_STANDARD = gnu99;
				GCC_DYNAMIC_NO_PIC = NO;
				GCC_NO_COMMON_BLOCKS = YES;
				GCC_OPTIMIZATION_LEVEL = 0;
				GCC_PREPROCESSOR_DEFINITIONS = (
					"DEBUG=1",
					"$(inherited)",
				);
				GCC_WARN_64_TO_32_BIT_CONVERSION = YES;
				GCC_WARN_ABOUT_RETURN_TYPE = YES_ERROR;
				GCC_WARN_UNDECLARED_SELECTOR = YES;
				GCC_WARN_UNINITIALIZED_AUTOS = YES_AGGRESSIVE;
				GCC_WARN_UNUSED_FUNCTION = YES;
				GCC_WARN_UNUSED_VARIABLE = YES;
				IPHONEOS_DEPLOYMENT_TARGET = 9.3;
				MTL_ENABLE_DEBUG_INFO = YES;
				ONLY_ACTIVE_ARCH = YES;
				SDKROOT = iphoneos;
			};
			name = Debug;
		};
		909BC3401D34CE7D00AA16ED /* Release */ = {
			isa = XCBuildConfiguration;
			buildSettings = {
				ALWAYS_SEARCH_USER_PATHS = NO;
				CLANG_ANALYZER_NONNULL = YES;
				CLANG_CXX_LANGUAGE_STANDARD = "gnu++0x";
				CLANG_CXX_LIBRARY = "libc++";
				CLANG_ENABLE_MODULES = YES;
				CLANG_ENABLE_OBJC_ARC = YES;
				CLANG_WARN_BOOL_CONVERSION = YES;
				CLANG_WARN_CONSTANT_CONVERSION = YES;
				CLANG_WARN_DIRECT_OBJC_ISA_USAGE = YES_ERROR;
				CLANG_WARN_EMPTY_BODY = YES;
				CLANG_WARN_ENUM_CONVERSION = YES;
				CLANG_WARN_INT_CONVERSION = YES;
				CLANG_WARN_OBJC_ROOT_CLASS = YES_ERROR;
				CLANG_WARN_UNREACHABLE_CODE = YES;
				CLANG_WARN__DUPLICATE_METHOD_MATCH = YES;
				"CODE_SIGN_IDENTITY[sdk=iphoneos*]" = "iPhone Developer";
				COPY_PHASE_STRIP = NO;
				DEBUG_INFORMATION_FORMAT = "dwarf-with-dsym";
				ENABLE_NS_ASSERTIONS = NO;
				ENABLE_STRICT_OBJC_MSGSEND = YES;
				GCC_C_LANGUAGE_STANDARD = gnu99;
				GCC_NO_COMMON_BLOCKS = YES;
				GCC_WARN_64_TO_32_BIT_CONVERSION = YES;
				GCC_WARN_ABOUT_RETURN_TYPE = YES_ERROR;
				GCC_WARN_UNDECLARED_SELECTOR = YES;
				GCC_WARN_UNINITIALIZED_AUTOS = YES_AGGRESSIVE;
				GCC_WARN_UNUSED_FUNCTION = YES;
				GCC_WARN_UNUSED_VARIABLE = YES;
				IPHONEOS_DEPLOYMENT_TARGET = 9.3;
				MTL_ENABLE_DEBUG_INFO = NO;
				SDKROOT = iphoneos;
				VALIDATE_PRODUCT = YES;
			};
			name = Release;
		};
		909BC3421D34CE7D00AA16ED /* Debug */ = {
			isa = XCBuildConfiguration;
			baseConfigurationReference = 9A97EEC2DFF07A6FEB7F7A97 /* Pods-百思不得姐.debug.xcconfig */;
			buildSettings = {
				ASSETCATALOG_COMPILER_APPICON_NAME = AppIcon;
				ASSETCATALOG_COMPILER_LAUNCHIMAGE_NAME = "Brand Assets";
				CLANG_ENABLE_MODULES = YES;
				GCC_PRECOMPILE_PREFIX_HEADER = NO;
				GCC_PREFIX_HEADER = "百思不得姐/ohter/PrefixHeader.pch";
				INFOPLIST_FILE = "百思不得姐/Info.plist";
				IPHONEOS_DEPLOYMENT_TARGET = 7.0;
				LD_RUNPATH_SEARCH_PATHS = "$(inherited) @executable_path/Frameworks";
				PRODUCT_BUNDLE_IDENTIFIER = "wdcew.-----";
				PRODUCT_NAME = "$(TARGET_NAME)";
				SWIFT_OBJC_BRIDGING_HEADER = "百思不得姐/Essence/controller/百思不得姐-Bridging-Header.h";
				SWIFT_OPTIMIZATION_LEVEL = "-Onone";
			};
			name = Debug;
		};
		909BC3431D34CE7D00AA16ED /* Release */ = {
			isa = XCBuildConfiguration;
			baseConfigurationReference = 620A0E08BA0C98B00A0056F0 /* Pods-百思不得姐.release.xcconfig */;
			buildSettings = {
				ASSETCATALOG_COMPILER_APPICON_NAME = AppIcon;
				ASSETCATALOG_COMPILER_LAUNCHIMAGE_NAME = "Brand Assets";
				CLANG_ENABLE_MODULES = YES;
				GCC_PREFIX_HEADER = "百思不得姐/ohter/PrefixHeader.pch";
				INFOPLIST_FILE = "百思不得姐/Info.plist";
				IPHONEOS_DEPLOYMENT_TARGET = 7.0;
				LD_RUNPATH_SEARCH_PATHS = "$(inherited) @executable_path/Frameworks";
				PRODUCT_BUNDLE_IDENTIFIER = "wdcew.-----";
				PRODUCT_NAME = "$(TARGET_NAME)";
				SWIFT_OBJC_BRIDGING_HEADER = "百思不得姐/Essence/controller/百思不得姐-Bridging-Header.h";
			};
			name = Release;
		};
		909BC3451D34CE7D00AA16ED /* Debug */ = {
			isa = XCBuildConfiguration;
			baseConfigurationReference = 8326036C5D7FF074BE3C05F5 /* Pods-百思不得姐Tests.debug.xcconfig */;
			buildSettings = {
				BUNDLE_LOADER = "$(TEST_HOST)";
				INFOPLIST_FILE = "百思不得姐Tests/Info.plist";
				LD_RUNPATH_SEARCH_PATHS = "$(inherited) @executable_path/Frameworks @loader_path/Frameworks";
				PRODUCT_BUNDLE_IDENTIFIER = "wdcew.-----Tests";
				PRODUCT_NAME = "$(TARGET_NAME)";
				TEST_HOST = "$(BUILT_PRODUCTS_DIR)/百思不得姐.app/百思不得姐";
			};
			name = Debug;
		};
		909BC3461D34CE7D00AA16ED /* Release */ = {
			isa = XCBuildConfiguration;
			baseConfigurationReference = 30C02085DCA2CE47C129CFE3 /* Pods-百思不得姐Tests.release.xcconfig */;
			buildSettings = {
				BUNDLE_LOADER = "$(TEST_HOST)";
				INFOPLIST_FILE = "百思不得姐Tests/Info.plist";
				LD_RUNPATH_SEARCH_PATHS = "$(inherited) @executable_path/Frameworks @loader_path/Frameworks";
				PRODUCT_BUNDLE_IDENTIFIER = "wdcew.-----Tests";
				PRODUCT_NAME = "$(TARGET_NAME)";
				TEST_HOST = "$(BUILT_PRODUCTS_DIR)/百思不得姐.app/百思不得姐";
			};
			name = Release;
		};
		909BC3481D34CE7D00AA16ED /* Debug */ = {
			isa = XCBuildConfiguration;
			baseConfigurationReference = A472E276499FA180BB05483B /* Pods-百思不得姐UITests.debug.xcconfig */;
			buildSettings = {
				INFOPLIST_FILE = "百思不得姐UITests/Info.plist";
				LD_RUNPATH_SEARCH_PATHS = "$(inherited) @executable_path/Frameworks @loader_path/Frameworks";
				PRODUCT_BUNDLE_IDENTIFIER = "wdcew.-----UITests";
				PRODUCT_NAME = "$(TARGET_NAME)";
				TEST_TARGET_NAME = "百思不得姐";
			};
			name = Debug;
		};
		909BC3491D34CE7D00AA16ED /* Release */ = {
			isa = XCBuildConfiguration;
			baseConfigurationReference = ED47B72E69692BD0666D1B5D /* Pods-百思不得姐UITests.release.xcconfig */;
			buildSettings = {
				INFOPLIST_FILE = "百思不得姐UITests/Info.plist";
				LD_RUNPATH_SEARCH_PATHS = "$(inherited) @executable_path/Frameworks @loader_path/Frameworks";
				PRODUCT_BUNDLE_IDENTIFIER = "wdcew.-----UITests";
				PRODUCT_NAME = "$(TARGET_NAME)";
				TEST_TARGET_NAME = "百思不得姐";
			};
			name = Release;
		};
/* End XCBuildConfiguration section */

/* Begin XCConfigurationList section */
		909BC30F1D34CE7D00AA16ED /* Build configuration list for PBXProject "百思不得姐" */ = {
			isa = XCConfigurationList;
			buildConfigurations = (
				909BC33F1D34CE7D00AA16ED /* Debug */,
				909BC3401D34CE7D00AA16ED /* Release */,
			);
			defaultConfigurationIsVisible = 0;
			defaultConfigurationName = Release;
		};
		909BC3411D34CE7D00AA16ED /* Build configuration list for PBXNativeTarget "百思不得姐" */ = {
			isa = XCConfigurationList;
			buildConfigurations = (
				909BC3421D34CE7D00AA16ED /* Debug */,
				909BC3431D34CE7D00AA16ED /* Release */,
			);
			defaultConfigurationIsVisible = 0;
			defaultConfigurationName = Release;
		};
		909BC3441D34CE7D00AA16ED /* Build configuration list for PBXNativeTarget "百思不得姐Tests" */ = {
			isa = XCConfigurationList;
			buildConfigurations = (
				909BC3451D34CE7D00AA16ED /* Debug */,
				909BC3461D34CE7D00AA16ED /* Release */,
			);
			defaultConfigurationIsVisible = 0;
			defaultConfigurationName = Release;
		};
		909BC3471D34CE7D00AA16ED /* Build configuration list for PBXNativeTarget "百思不得姐UITests" */ = {
			isa = XCConfigurationList;
			buildConfigurations = (
				909BC3481D34CE7D00AA16ED /* Debug */,
				909BC3491D34CE7D00AA16ED /* Release */,
			);
			defaultConfigurationIsVisible = 0;
			defaultConfigurationName = Release;
		};
/* End XCConfigurationList section */
	};
	rootObject = 909BC30C1D34CE7D00AA16ED /* Project object */;
}
