// !$*UTF8*$!
{
	archiveVersion = 1;
	classes = {
	};
	objectVersion = 46;
	objects = {

/* Begin PBXBuildFile section */
		4C411BC07A701D9093AD7563 /* libPods-百思不得姐Tests.a in Frameworks */ = {isa = PBXBuildFile; fileRef = 8C1BC2B2FB72B31AEC0660A1 /* libPods-百思不得姐Tests.a */; };
		607B8C63B18CB534E08A0F62 /* libPods-百思不得姐.a in Frameworks */ = {isa = PBXBuildFile; fileRef = D5E503F18173BF98E05488EE /* libPods-百思不得姐.a */; };
		904C65151D36091A00E7D034 /* GDTabBar.m in Sources */ = {isa = PBXBuildFile; fileRef = 904C65141D36091A00E7D034 /* GDTabBar.m */; };
		904C651C1D362F6800E7D034 /* UIView+GDViewExtension.m in Sources */ = {isa = PBXBuildFile; fileRef = 904C651B1D362F6800E7D034 /* UIView+GDViewExtension.m */; };
		905AC5F01D351DED002D7F19 /* GDTabbarController.m in Sources */ = {isa = PBXBuildFile; fileRef = 905AC5EF1D351DED002D7F19 /* GDTabbarController.m */; };
		909BC3191D34CE7D00AA16ED /* main.m in Sources */ = {isa = PBXBuildFile; fileRef = 909BC3181D34CE7D00AA16ED /* main.m */; };
		909BC31C1D34CE7D00AA16ED /* AppDelegate.m in Sources */ = {isa = PBXBuildFile; fileRef = 909BC31B1D34CE7D00AA16ED /* AppDelegate.m */; };
		909BC3221D34CE7D00AA16ED /* Main.storyboard in Resources */ = {isa = PBXBuildFile; fileRef = 909BC3201D34CE7D00AA16ED /* Main.storyboard */; };
		909BC3241D34CE7D00AA16ED /* Assets.xcassets in Resources */ = {isa = PBXBuildFile; fileRef = 909BC3231D34CE7D00AA16ED /* Assets.xcassets */; };
		909BC3321D34CE7D00AA16ED /* _____Tests.m in Sources */ = {isa = PBXBuildFile; fileRef = 909BC3311D34CE7D00AA16ED /* _____Tests.m */; };
		909BC33D1D34CE7D00AA16ED /* _____UITests.m in Sources */ = {isa = PBXBuildFile; fileRef = 909BC33C1D34CE7D00AA16ED /* _____UITests.m */; };
		B4425132445C408D86EE3716 /* libPods-百思不得姐UITests.a in Frameworks */ = {isa = PBXBuildFile; fileRef = DE2F7B47B4F719D800036C64 /* libPods-百思不得姐UITests.a */; };
/* End PBXBuildFile section */

/* Begin PBXContainerItemProxy section */
		909BC32E1D34CE7D00AA16ED /* PBXContainerItemProxy */ = {
			isa = PBXContainerItemProxy;
			containerPortal = 909BC30C1D34CE7D00AA16ED /* Project object */;
			proxyType = 1;
			remoteGlobalIDString = 909BC3131D34CE7D00AA16ED;
			remoteInfo = "百思不得姐";
		};
		909BC3391D34CE7D00AA16ED /* PBXContainerItemProxy */ = {
			isa = PBXContainerItemProxy;
			containerPortal = 909BC30C1D34CE7D00AA16ED /* Project object */;
			proxyType = 1;
			remoteGlobalIDString = 909BC3131D34CE7D00AA16ED;
			remoteInfo = "百思不得姐";
		};
/* End PBXContainerItemProxy section */

/* Begin PBXFileReference section */
		30C02085DCA2CE47C129CFE3 /* Pods-百思不得姐Tests.release.xcconfig */ = {isa = PBXFileReference; includeInIndex = 1; lastKnownFileType = text.xcconfig; name = "Pods-百思不得姐Tests.release.xcconfig"; path = "Pods/Target Support Files/Pods-百思不得姐Tests/Pods-百思不得姐Tests.release.xcconfig"; sourceTree = "<group>"; };
		620A0E08BA0C98B00A0056F0 /* Pods-百思不得姐.release.xcconfig */ = {isa = PBXFileReference; includeInIndex = 1; lastKnownFileType = text.xcconfig; name = "Pods-百思不得姐.release.xcconfig"; path = "Pods/Target Support Files/Pods-百思不得姐/Pods-百思不得姐.release.xcconfig"; sourceTree = "<group>"; };
		8326036C5D7FF074BE3C05F5 /* Pods-百思不得姐Tests.debug.xcconfig */ = {isa = PBXFileReference; includeInIndex = 1; lastKnownFileType = text.xcconfig; name = "Pods-百思不得姐Tests.debug.xcconfig"; path = "Pods/Target Support Files/Pods-百思不得姐Tests/Pods-百思不得姐Tests.debug.xcconfig"; sourceTree = "<group>"; };
		8C1BC2B2FB72B31AEC0660A1 /* libPods-百思不得姐Tests.a */ = {isa = PBXFileReference; explicitFileType = archive.ar; includeInIndex = 0; path = "libPods-百思不得姐Tests.a"; sourceTree = BUILT_PRODUCTS_DIR; };
		904C65121D35345900E7D034 /* PrefixHeader.pch */ = {isa = PBXFileReference; lastKnownFileType = sourcecode.c.h; path = PrefixHeader.pch; sourceTree = "<group>"; };
		904C65131D36091A00E7D034 /* GDTabBar.h */ = {isa = PBXFileReference; fileEncoding = 4; lastKnownFileType = sourcecode.c.h; path = GDTabBar.h; sourceTree = "<group>"; };
		904C65141D36091A00E7D034 /* GDTabBar.m */ = {isa = PBXFileReference; fileEncoding = 4; lastKnownFileType = sourcecode.c.objc; path = GDTabBar.m; sourceTree = "<group>"; };
		904C651A1D362F6800E7D034 /* UIView+GDViewExtension.h */ = {isa = PBXFileReference; fileEncoding = 4; lastKnownFileType = sourcecode.c.h; path = "UIView+GDViewExtension.h"; sourceTree = "<group>"; };
		904C651B1D362F6800E7D034 /* UIView+GDViewExtension.m */ = {isa = PBXFileReference; fileEncoding = 4; lastKnownFileType = sourcecode.c.objc; path = "UIView+GDViewExtension.m"; sourceTree = "<group>"; };
		905AC5EE1D351DED002D7F19 /* GDTabbarController.h */ = {isa = PBXFileReference; fileEncoding = 4; lastKnownFileType = sourcecode.c.h; path = GDTabbarController.h; sourceTree = "<group>"; };
		905AC5EF1D351DED002D7F19 /* GDTabbarController.m */ = {isa = PBXFileReference; fileEncoding = 4; lastKnownFileType = sourcecode.c.objc; path = GDTabbarController.m; sourceTree = "<group>"; };
		909BC3141D34CE7D00AA16ED /* 百思不得姐.app */ = {isa = PBXFileReference; explicitFileType = wrapper.application; includeInIndex = 0; path = "百思不得姐.app"; sourceTree = BUILT_PRODUCTS_DIR; };
		909BC3181D34CE7D00AA16ED /* main.m */ = {isa = PBXFileReference; lastKnownFileType = sourcecode.c.objc; path = main.m; sourceTree = "<group>"; };
		909BC31A1D34CE7D00AA16ED /* AppDelegate.h */ = {isa = PBXFileReference; lastKnownFileType = sourcecode.c.h; path = AppDelegate.h; sourceTree = "<group>"; };
		909BC31B1D34CE7D00AA16ED /* AppDelegate.m */ = {isa = PBXFileReference; lastKnownFileType = sourcecode.c.objc; path = AppDelegate.m; sourceTree = "<group>"; };
		909BC3211D34CE7D00AA16ED /* Base */ = {isa = PBXFileReference; lastKnownFileType = file.storyboard; name = Base; path = Base.lproj/Main.storyboard; sourceTree = "<group>"; };
		909BC3231D34CE7D00AA16ED /* Assets.xcassets */ = {isa = PBXFileReference; lastKnownFileType = folder.assetcatalog; path = Assets.xcassets; sourceTree = "<group>"; };
		909BC3281D34CE7D00AA16ED /* Info.plist */ = {isa = PBXFileReference; lastKnownFileType = text.plist.xml; path = Info.plist; sourceTree = "<group>"; };
		909BC32D1D34CE7D00AA16ED /* 百思不得姐Tests.xctest */ = {isa = PBXFileReference; explicitFileType = wrapper.cfbundle; includeInIndex = 0; path = "百思不得姐Tests.xctest"; sourceTree = BUILT_PRODUCTS_DIR; };
		909BC3311D34CE7D00AA16ED /* _____Tests.m */ = {isa = PBXFileReference; lastKnownFileType = sourcecode.c.objc; path = "_____Tests.m"; sourceTree = "<group>"; };
		909BC3331D34CE7D00AA16ED /* Info.plist */ = {isa = PBXFileReference; lastKnownFileType = text.plist.xml; path = Info.plist; sourceTree = "<group>"; };
		909BC3381D34CE7D00AA16ED /* 百思不得姐UITests.xctest */ = {isa = PBXFileReference; explicitFileType = wrapper.cfbundle; includeInIndex = 0; path = "百思不得姐UITests.xctest"; sourceTree = BUILT_PRODUCTS_DIR; };
		909BC33C1D34CE7D00AA16ED /* _____UITests.m */ = {isa = PBXFileReference; lastKnownFileType = sourcecode.c.objc; path = "_____UITests.m"; sourceTree = "<group>"; };
		909BC33E1D34CE7D00AA16ED /* Info.plist */ = {isa = PBXFileReference; lastKnownFileType = text.plist.xml; path = Info.plist; sourceTree = "<group>"; };
		9A97EEC2DFF07A6FEB7F7A97 /* Pods-百思不得姐.debug.xcconfig */ = {isa = PBXFileReference; includeInIndex = 1; lastKnownFileType = text.xcconfig; name = "Pods-百思不得姐.debug.xcconfig"; path = "Pods/Target Support Files/Pods-百思不得姐/Pods-百思不得姐.debug.xcconfig"; sourceTree = "<group>"; };
		A472E276499FA180BB05483B /* Pods-百思不得姐UITests.debug.xcconfig */ = {isa = PBXFileReference; includeInIndex = 1; lastKnownFileType = text.xcconfig; name = "Pods-百思不得姐UITests.debug.xcconfig"; path = "Pods/Target Support Files/Pods-百思不得姐UITests/Pods-百思不得姐UITests.debug.xcconfig"; sourceTree = "<group>"; };
		D5E503F18173BF98E05488EE /* libPods-百思不得姐.a */ = {isa = PBXFileReference; explicitFileType = archive.ar; includeInIndex = 0; path = "libPods-百思不得姐.a"; sourceTree = BUILT_PRODUCTS_DIR; };
		DE2F7B47B4F719D800036C64 /* libPods-百思不得姐UITests.a */ = {isa = PBXFileReference; explicitFileType = archive.ar; includeInIndex = 0; path = "libPods-百思不得姐UITests.a"; sourceTree = BUILT_PRODUCTS_DIR; };
		ED47B72E69692BD0666D1B5D /* Pods-百思不得姐UITests.release.xcconfig */ = {isa = PBXFileReference; includeInIndex = 1; lastKnownFileType = text.xcconfig; name = "Pods-百思不得姐UITests.release.xcconfig"; path = "Pods/Target Support Files/Pods-百思不得姐UITests/Pods-百思不得姐UITests.release.xcconfig"; sourceTree = "<group>"; };
/* End PBXFileReference section */

/* Begin PBXFrameworksBuildPhase section */
		909BC3111D34CE7D00AA16ED /* Frameworks */ = {
			isa = PBXFrameworksBuildPhase;
			buildActionMask = 2147483647;
			files = (
				607B8C63B18CB534E08A0F62 /* libPods-百思不得姐.a in Frameworks */,
			);
			runOnlyForDeploymentPostprocessing = 0;
		};
		909BC32A1D34CE7D00AA16ED /* Frameworks */ = {
			isa = PBXFrameworksBuildPhase;
			buildActionMask = 2147483647;
			files = (
				4C411BC07A701D9093AD7563 /* libPods-百思不得姐Tests.a in Frameworks */,
			);
			runOnlyForDeploymentPostprocessing = 0;
		};
		909BC3351D34CE7D00AA16ED /* Frameworks */ = {
			isa = PBXFrameworksBuildPhase;
			buildActionMask = 2147483647;
			files = (
				B4425132445C408D86EE3716 /* libPods-百思不得姐UITests.a in Frameworks */,
			);
			runOnlyForDeploymentPostprocessing = 0;
		};
/* End PBXFrameworksBuildPhase section */

/* Begin PBXGroup section */
		906E34431D34D1BE003C294B /* classes */ = {
			isa = PBXGroup;
			children = (
				909BC31A1D34CE7D00AA16ED /* AppDelegate.h */,
				909BC31B1D34CE7D00AA16ED /* AppDelegate.m */,
				905AC5EE1D351DED002D7F19 /* GDTabbarController.h */,
				905AC5EF1D351DED002D7F19 /* GDTabbarController.m */,
				904C65131D36091A00E7D034 /* GDTabBar.h */,
				904C65141D36091A00E7D034 /* GDTabBar.m */,
				904C651A1D362F6800E7D034 /* UIView+GDViewExtension.h */,
				904C651B1D362F6800E7D034 /* UIView+GDViewExtension.m */,
			);
			name = classes;
			sourceTree = "<group>";
		};
		909BC30B1D34CE7D00AA16ED = {
			isa = PBXGroup;
			children = (
				909BC3161D34CE7D00AA16ED /* 百思不得姐 */,
				909BC3301D34CE7D00AA16ED /* 百思不得姐Tests */,
				909BC33B1D34CE7D00AA16ED /* 百思不得姐UITests */,
				909BC3151D34CE7D00AA16ED /* Products */,
				F8EF6B49DE8ADC8520D43883 /* Pods */,
				968A353DD8214FABDF6FAE40 /* Frameworks */,
			);
			sourceTree = "<group>";
		};
		909BC3151D34CE7D00AA16ED /* Products */ = {
			isa = PBXGroup;
			children = (
				909BC3141D34CE7D00AA16ED /* 百思不得姐.app */,
				909BC32D1D34CE7D00AA16ED /* 百思不得姐Tests.xctest */,
				909BC3381D34CE7D00AA16ED /* 百思不得姐UITests.xctest */,
			);
			name = Products;
			sourceTree = "<group>";
		};
		909BC3161D34CE7D00AA16ED /* 百思不得姐 */ = {
			isa = PBXGroup;
			children = (
				906E34431D34D1BE003C294B /* classes */,
				909BC3281D34CE7D00AA16ED /* Info.plist */,
				904C65121D35345900E7D034 /* PrefixHeader.pch */,
				909BC3171D34CE7D00AA16ED /* Supporting Files */,
			);
			path = "百思不得姐";
			sourceTree = "<group>";
		};
		909BC3171D34CE7D00AA16ED /* Supporting Files */ = {
			isa = PBXGroup;
			children = (
				909BC3201D34CE7D00AA16ED /* Main.storyboard */,
				909BC3231D34CE7D00AA16ED /* Assets.xcassets */,
				909BC3181D34CE7D00AA16ED /* main.m */,
			);
			name = "Supporting Files";
			sourceTree = "<group>";
		};
		909BC3301D34CE7D00AA16ED /* 百思不得姐Tests */ = {
			isa = PBXGroup;
			children = (
				909BC3311D34CE7D00AA16ED /* _____Tests.m */,
				909BC3331D34CE7D00AA16ED /* Info.plist */,
			);
			path = "百思不得姐Tests";
			sourceTree = "<group>";
		};
		909BC33B1D34CE7D00AA16ED /* 百思不得姐UITests */ = {
			isa = PBXGroup;
			children = (
				909BC33C1D34CE7D00AA16ED /* _____UITests.m */,
				909BC33E1D34CE7D00AA16ED /* Info.plist */,
			);
			path = "百思不得姐UITests";
			sourceTree = "<group>";
		};
		968A353DD8214FABDF6FAE40 /* Frameworks */ = {
			isa = PBXGroup;
			children = (
				D5E503F18173BF98E05488EE /* libPods-百思不得姐.a */,
				8C1BC2B2FB72B31AEC0660A1 /* libPods-百思不得姐Tests.a */,
				DE2F7B47B4F719D800036C64 /* libPods-百思不得姐UITests.a */,
			);
			name = Frameworks;
			sourceTree = "<group>";
		};
		F8EF6B49DE8ADC8520D43883 /* Pods */ = {
			isa = PBXGroup;
			children = (
				9A97EEC2DFF07A6FEB7F7A97 /* Pods-百思不得姐.debug.xcconfig */,
				620A0E08BA0C98B00A0056F0 /* Pods-百思不得姐.release.xcconfig */,
				8326036C5D7FF074BE3C05F5 /* Pods-百思不得姐Tests.debug.xcconfig */,
				30C02085DCA2CE47C129CFE3 /* Pods-百思不得姐Tests.release.xcconfig */,
				A472E276499FA180BB05483B /* Pods-百思不得姐UITests.debug.xcconfig */,
				ED47B72E69692BD0666D1B5D /* Pods-百思不得姐UITests.release.xcconfig */,
			);
			name = Pods;
			sourceTree = "<group>";
		};
/* End PBXGroup section */

/* Begin PBXNativeTarget section */
		909BC3131D34CE7D00AA16ED /* 百思不得姐 */ = {
			isa = PBXNativeTarget;
			buildConfigurationList = 909BC3411D34CE7D00AA16ED /* Build configuration list for PBXNativeTarget "百思不得姐" */;
			buildPhases = (
				F14B3AB402DBE227181F8300 /* [CP] Check Pods Manifest.lock */,
				909BC3101D34CE7D00AA16ED /* Sources */,
				909BC3111D34CE7D00AA16ED /* Frameworks */,
				909BC3121D34CE7D00AA16ED /* Resources */,
				88348E7411CA1497EBCFF599 /* [CP] Embed Pods Frameworks */,
				B17A6C0B1880D52618701985 /* [CP] Copy Pods Resources */,
			);
			buildRules = (
			);
			dependencies = (
			);
			name = "百思不得姐";
			productName = "百思不得姐";
			productReference = 909BC3141D34CE7D00AA16ED /* 百思不得姐.app */;
			productType = "com.apple.product-type.application";
		};
		909BC32C1D34CE7D00AA16ED /* 百思不得姐Tests */ = {
			isa = PBXNativeTarget;
			buildConfigurationList = 909BC3441D34CE7D00AA16ED /* Build configuration list for PBXNativeTarget "百思不得姐Tests" */;
			buildPhases = (
				37FC16DC92FB6681F5227A0A /* [CP] Check Pods Manifest.lock */,
				909BC3291D34CE7D00AA16ED /* Sources */,
				909BC32A1D34CE7D00AA16ED /* Frameworks */,
				909BC32B1D34CE7D00AA16ED /* Resources */,
				99AED9DBE7AB7F74112A211C /* [CP] Embed Pods Frameworks */,
				2E209638D551B700F40FC75B /* [CP] Copy Pods Resources */,
			);
			buildRules = (
			);
			dependencies = (
				909BC32F1D34CE7D00AA16ED /* PBXTargetDependency */,
			);
			name = "百思不得姐Tests";
			productName = "百思不得姐Tests";
			productReference = 909BC32D1D34CE7D00AA16ED /* 百思不得姐Tests.xctest */;
			productType = "com.apple.product-type.bundle.unit-test";
		};
		909BC3371D34CE7D00AA16ED /* 百思不得姐UITests */ = {
			isa = PBXNativeTarget;
			buildConfigurationList = 909BC3471D34CE7D00AA16ED /* Build configuration list for PBXNativeTarget "百思不得姐UITests" */;
			buildPhases = (
				F7E33DCC292AD8B7B05B55C8 /* [CP] Check Pods Manifest.lock */,
				909BC3341D34CE7D00AA16ED /* Sources */,
				909BC3351D34CE7D00AA16ED /* Frameworks */,
				909BC3361D34CE7D00AA16ED /* Resources */,
				D98B7ADC449606D10077044B /* [CP] Copy Pods Resources */,
			);
			buildRules = (
			);
			dependencies = (
				909BC33A1D34CE7D00AA16ED /* PBXTargetDependency */,
			);
			name = "百思不得姐UITests";
			productName = "百思不得姐UITests";
			productReference = 909BC3381D34CE7D00AA16ED /* 百思不得姐UITests.xctest */;
			productType = "com.apple.product-type.bundle.ui-testing";
		};
/* End PBXNativeTarget section */

/* Begin PBXProject section */
		909BC30C1D34CE7D00AA16ED /* Project object */ = {
			isa = PBXProject;
			attributes = {
				CLASSPREFIX = GD;
				LastUpgradeCheck = 0730;
				ORGANIZATIONNAME = "高冠东";
				TargetAttributes = {
					909BC3131D34CE7D00AA16ED = {
						CreatedOnToolsVersion = 7.3.1;
						DevelopmentTeam = 6PPZ4N88W2;
					};
					909BC32C1D34CE7D00AA16ED = {
						CreatedOnToolsVersion = 7.3.1;
						DevelopmentTeam = 6PPZ4N88W2;
						TestTargetID = 909BC3131D34CE7D00AA16ED;
					};
					909BC3371D34CE7D00AA16ED = {
						CreatedOnToolsVersion = 7.3.1;
						DevelopmentTeam = 6PPZ4N88W2;
						TestTargetID = 909BC3131D34CE7D00AA16ED;
					};
				};
			};
			buildConfigurationList = 909BC30F1D34CE7D00AA16ED /* Build configuration list for PBXProject "百思不得姐" */;
			compatibilityVersion = "Xcode 3.2";
			developmentRegion = English;
			hasScannedForEncodings = 0;
			knownRegions = (
				en,
				Base,
			);
			mainGroup = 909BC30B1D34CE7D00AA16ED;
			productRefGroup = 909BC3151D34CE7D00AA16ED /* Products */;
			projectDirPath = "";
			projectRoot = "";
			targets = (
				909BC3131D34CE7D00AA16ED /* 百思不得姐 */,
				909BC32C1D34CE7D00AA16ED /* 百思不得姐Tests */,
				909BC3371D34CE7D00AA16ED /* 百思不得姐UITests */,
			);
		};
/* End PBXProject section */

/* Begin PBXResourcesBuildPhase section */
		909BC3121D34CE7D00AA16ED /* Resources */ = {
			isa = PBXResourcesBuildPhase;
			buildActionMask = 2147483647;
			files = (
				909BC3241D34CE7D00AA16ED /* Assets.xcassets in Resources */,
				909BC3221D34CE7D00AA16ED /* Main.storyboard in Resources */,
			);
			runOnlyForDeploymentPostprocessing = 0;
		};
		909BC32B1D34CE7D00AA16ED /* Resources */ = {
			isa = PBXResourcesBuildPhase;
			buildActionMask = 2147483647;
			files = (
			);
			runOnlyForDeploymentPostprocessing = 0;
		};
		909BC3361D34CE7D00AA16ED /* Resources */ = {
			isa = PBXResourcesBuildPhase;
			buildActionMask = 2147483647;
			files = (
			);
			runOnlyForDeploymentPostprocessing = 0;
		};
/* End PBXResourcesBuildPhase section */

/* Begin PBXShellScriptBuildPhase section */
		2E209638D551B700F40FC75B /* [CP] Copy Pods Resources */ = {
			isa = PBXShellScriptBuildPhase;
			buildActionMask = 2147483647;
			files = (
			);
			inputPaths = (
			);
			name = "[CP] Copy Pods Resources";
			outputPaths = (
			);
			runOnlyForDeploymentPostprocessing = 0;
			shellPath = /bin/sh;
			shellScript = "\"${SRCROOT}/Pods/Target Support Files/Pods-百思不得姐Tests/Pods-百思不得姐Tests-resources.sh\"\n";
			showEnvVarsInLog = 0;
		};
		37FC16DC92FB6681F5227A0A /* [CP] Check Pods Manifest.lock */ = {
			isa = PBXShellScriptBuildPhase;
			buildActionMask = 2147483647;
			files = (
			);
			inputPaths = (
			);
			name = "[CP] Check Pods Manifest.lock";
			outputPaths = (
			);
			runOnlyForDeploymentPostprocessing = 0;
			shellPath = /bin/sh;
			shellScript = "diff \"${PODS_ROOT}/../Podfile.lock\" \"${PODS_ROOT}/Manifest.lock\" > /dev/null\nif [[ $? != 0 ]] ; then\n    cat << EOM\nerror: The sandbox is not in sync with the Podfile.lock. Run 'pod install' or update your CocoaPods installation.\nEOM\n    exit 1\nfi\n";
			showEnvVarsInLog = 0;
		};
		88348E7411CA1497EBCFF599 /* [CP] Embed Pods Frameworks */ = {
			isa = PBXShellScriptBuildPhase;
			buildActionMask = 2147483647;
			files = (
			);
			inputPaths = (
			);
			name = "[CP] Embed Pods Frameworks";
			outputPaths = (
			);
			runOnlyForDeploymentPostprocessing = 0;
			shellPath = /bin/sh;
			shellScript = "\"${SRCROOT}/Pods/Target Support Files/Pods-百思不得姐/Pods-百思不得姐-frameworks.sh\"\n";
			showEnvVarsInLog = 0;
		};
		99AED9DBE7AB7F74112A211C /* [CP] Embed Pods Frameworks */ = {
			isa = PBXShellScriptBuildPhase;
			buildActionMask = 2147483647;
			files = (
			);
			inputPaths = (
			);
			name = "[CP] Embed Pods Frameworks";
			outputPaths = (
			);
			runOnlyForDeploymentPostprocessing = 0;
			shellPath = /bin/sh;
			shellScript = "\"${SRCROOT}/Pods/Target Support Files/Pods-百思不得姐Tests/Pods-百思不得姐Tests-frameworks.sh\"\n";
			showEnvVarsInLog = 0;
		};
		B17A6C0B1880D52618701985 /* [CP] Copy Pods Resources */ = {
			isa = PBXShellScriptBuildPhase;
			buildActionMask = 2147483647;
			files = (
			);
			inputPaths = (
			);
			name = "[CP] Copy Pods Resources";
			outputPaths = (
			);
			runOnlyForDeploymentPostprocessing = 0;
			shellPath = /bin/sh;
			shellScript = "\"${SRCROOT}/Pods/Target Support Files/Pods-百思不得姐/Pods-百思不得姐-resources.sh\"\n";
			showEnvVarsInLog = 0;
		};
		D98B7ADC449606D10077044B /* [CP] Copy Pods Resources */ = {
			isa = PBXShellScriptBuildPhase;
			buildActionMask = 2147483647;
			files = (
			);
			inputPaths = (
			);
			name = "[CP] Copy Pods Resources";
			outputPaths = (
			);
			runOnlyForDeploymentPostprocessing = 0;
			shellPath = /bin/sh;
			shellScript = "\"${SRCROOT}/Pods/Target Support Files/Pods-百思不得姐UITests/Pods-百思不得姐UITests-resources.sh\"\n";
			showEnvVarsInLog = 0;
		};
		F14B3AB402DBE227181F8300 /* [CP] Check Pods Manifest.lock */ = {
			isa = PBXShellScriptBuildPhase;
			buildActionMask = 2147483647;
			files = (
			);
			inputPaths = (
			);
			name = "[CP] Check Pods Manifest.lock";
			outputPaths = (
			);
			runOnlyForDeploymentPostprocessing = 0;
			shellPath = /bin/sh;
			shellScript = "diff \"${PODS_ROOT}/../Podfile.lock\" \"${PODS_ROOT}/Manifest.lock\" > /dev/null\nif [[ $? != 0 ]] ; then\n    cat << EOM\nerror: The sandbox is not in sync with the Podfile.lock. Run 'pod install' or update your CocoaPods installation.\nEOM\n    exit 1\nfi\n";
			showEnvVarsInLog = 0;
		};
		F7E33DCC292AD8B7B05B55C8 /* [CP] Check Pods Manifest.lock */ = {
			isa = PBXShellScriptBuildPhase;
			buildActionMask = 2147483647;
			files = (
			);
			inputPaths = (
			);
			name = "[CP] Check Pods Manifest.lock";
			outputPaths = (
			);
			runOnlyForDeploymentPostprocessing = 0;
			shellPath = /bin/sh;
			shellScript = "diff \"${PODS_ROOT}/../Podfile.lock\" \"${PODS_ROOT}/Manifest.lock\" > /dev/null\nif [[ $? != 0 ]] ; then\n    cat << EOM\nerror: The sandbox is not in sync with the Podfile.lock. Run 'pod install' or update your CocoaPods installation.\nEOM\n    exit 1\nfi\n";
			showEnvVarsInLog = 0;
		};
/* End PBXShellScriptBuildPhase section */

/* Begin PBXSourcesBuildPhase section */
		909BC3101D34CE7D00AA16ED /* Sources */ = {
			isa = PBXSourcesBuildPhase;
			buildActionMask = 2147483647;
			files = (
				909BC31C1D34CE7D00AA16ED /* AppDelegate.m in Sources */,
				904C651C1D362F6800E7D034 /* UIView+GDViewExtension.m in Sources */,
				904C65151D36091A00E7D034 /* GDTabBar.m in Sources */,
				905AC5F01D351DED002D7F19 /* GDTabbarController.m in Sources */,
				909BC3191D34CE7D00AA16ED /* main.m in Sources */,
			);
			runOnlyForDeploymentPostprocessing = 0;
		};
		909BC3291D34CE7D00AA16ED /* Sources */ = {
			isa = PBXSourcesBuildPhase;
			buildActionMask = 2147483647;
			files = (
				909BC3321D34CE7D00AA16ED /* _____Tests.m in Sources */,
			);
			runOnlyForDeploymentPostprocessing = 0;
		};
		909BC3341D34CE7D00AA16ED /* Sources */ = {
			isa = PBXSourcesBuildPhase;
			buildActionMask = 2147483647;
			files = (
				909BC33D1D34CE7D00AA16ED /* _____UITests.m in Sources */,
			);
			runOnlyForDeploymentPostprocessing = 0;
		};
/* End PBXSourcesBuildPhase section */

/* Begin PBXTargetDependency section */
		909BC32F1D34CE7D00AA16ED /* PBXTargetDependency */ = {
			isa = PBXTargetDependency;
			target = 909BC3131D34CE7D00AA16ED /* 百思不得姐 */;
			targetProxy = 909BC32E1D34CE7D00AA16ED /* PBXContainerItemProxy */;
		};
		909BC33A1D34CE7D00AA16ED /* PBXTargetDependency */ = {
			isa = PBXTargetDependency;
			target = 909BC3131D34CE7D00AA16ED /* 百思不得姐 */;
			targetProxy = 909BC3391D34CE7D00AA16ED /* PBXContainerItemProxy */;
		};
/* End PBXTargetDependency section */

/* Begin PBXVariantGroup section */
		909BC3201D34CE7D00AA16ED /* Main.storyboard */ = {
			isa = PBXVariantGroup;
			children = (
				909BC3211D34CE7D00AA16ED /* Base */,
			);
			name = Main.storyboard;
			sourceTree = "<group>";
		};
/* End PBXVariantGroup section */

/* Begin XCBuildConfiguration section */
		909BC33F1D34CE7D00AA16ED /* Debug */ = {
			isa = XCBuildConfiguration;
			buildSettings = {
				ALWAYS_SEARCH_USER_PATHS = NO;
				CLANG_ANALYZER_NONNULL = YES;
				CLANG_CXX_LANGUAGE_STANDARD = "gnu++0x";
				CLANG_CXX_LIBRARY = "libc++";
				CLANG_ENABLE_MODULES = YES;
				CLANG_ENABLE_OBJC_ARC = YES;
				CLANG_WARN_BOOL_CONVERSION = YES;
				CLANG_WARN_CONSTANT_CONVERSION = YES;
				CLANG_WARN_DIRECT_OBJC_ISA_USAGE = YES_ERROR;
				CLANG_WARN_EMPTY_BODY = YES;
				CLANG_WARN_ENUM_CONVERSION = YES;
				CLANG_WARN_INT_CONVERSION = YES;
				CLANG_WARN_OBJC_ROOT_CLASS = YES_ERROR;
				CLANG_WARN_UNREACHABLE_CODE = YES;
				CLANG_WARN__DUPLICATE_METHOD_MATCH = YES;
				"CODE_SIGN_IDENTITY[sdk=iphoneos*]" = "iPhone Developer";
				COPY_PHASE_STRIP = NO;
				DEBUG_INFORMATION_FORMAT = dwarf;
				ENABLE_STRICT_OBJC_MSGSEND = YES;
				ENABLE_TESTABILITY = YES;
				GCC_C_LANGUAGE_STANDARD = gnu99;
				GCC_DYNAMIC_NO_PIC = NO;
				GCC_NO_COMMON_BLOCKS = YES;
				GCC_OPTIMIZATION_LEVEL = 0;
				GCC_PREPROCESSOR_DEFINITIONS = (
					"DEBUG=1",
					"$(inherited)",
				);
				GCC_WARN_64_TO_32_BIT_CONVERSION = YES;
				GCC_WARN_ABOUT_RETURN_TYPE = YES_ERROR;
				GCC_WARN_UNDECLARED_SELECTOR = YES;
				GCC_WARN_UNINITIALIZED_AUTOS = YES_AGGRESSIVE;
				GCC_WARN_UNUSED_FUNCTION = YES;
				GCC_WARN_UNUSED_VARIABLE = YES;
				IPHONEOS_DEPLOYMENT_TARGET = 9.3;
				MTL_ENABLE_DEBUG_INFO = YES;
				ONLY_ACTIVE_ARCH = YES;
				SDKROOT = iphoneos;
			};
			name = Debug;
		};
		909BC3401D34CE7D00AA16ED /* Release */ = {
			isa = XCBuildConfiguration;
			buildSettings = {
				ALWAYS_SEARCH_USER_PATHS = NO;
				CLANG_ANALYZER_NONNULL = YES;
				CLANG_CXX_LANGUAGE_STANDARD = "gnu++0x";
				CLANG_CXX_LIBRARY = "libc++";
				CLANG_ENABLE_MODULES = YES;
				CLANG_ENABLE_OBJC_ARC = YES;
				CLANG_WARN_BOOL_CONVERSION = YES;
				CLANG_WARN_CONSTANT_CONVERSION = YES;
				CLANG_WARN_DIRECT_OBJC_ISA_USAGE = YES_ERROR;
				CLANG_WARN_EMPTY_BODY = YES;
				CLANG_WARN_ENUM_CONVERSION = YES;
				CLANG_WARN_INT_CONVERSION = YES;
				CLANG_WARN_OBJC_ROOT_CLASS = YES_ERROR;
				CLANG_WARN_UNREACHABLE_CODE = YES;
				CLANG_WARN__DUPLICATE_METHOD_MATCH = YES;
				"CODE_SIGN_IDENTITY[sdk=iphoneos*]" = "iPhone Developer";
				COPY_PHASE_STRIP = NO;
				DEBUG_INFORMATION_FORMAT = "dwarf-with-dsym";
				ENABLE_NS_ASSERTIONS = NO;
				ENABLE_STRICT_OBJC_MSGSEND = YES;
				GCC_C_LANGUAGE_STANDARD = gnu99;
				GCC_NO_COMMON_BLOCKS = YES;
				GCC_WARN_64_TO_32_BIT_CONVERSION = YES;
				GCC_WARN_ABOUT_RETURN_TYPE = YES_ERROR;
				GCC_WARN_UNDECLARED_SELECTOR = YES;
				GCC_WARN_UNINITIALIZED_AUTOS = YES_AGGRESSIVE;
				GCC_WARN_UNUSED_FUNCTION = YES;
				GCC_WARN_UNUSED_VARIABLE = YES;
				IPHONEOS_DEPLOYMENT_TARGET = 9.3;
				MTL_ENABLE_DEBUG_INFO = NO;
				SDKROOT = iphoneos;
				VALIDATE_PRODUCT = YES;
			};
			name = Release;
		};
		909BC3421D34CE7D00AA16ED /* Debug */ = {
			isa = XCBuildConfiguration;
			baseConfigurationReference = 9A97EEC2DFF07A6FEB7F7A97 /* Pods-百思不得姐.debug.xcconfig */;
			buildSettings = {
				ASSETCATALOG_COMPILER_APPICON_NAME = AppIcon;
				ASSETCATALOG_COMPILER_LAUNCHIMAGE_NAME = "Brand Assets";
				GCC_PRECOMPILE_PREFIX_HEADER = NO;
				GCC_PREFIX_HEADER = "百思不得姐/PrefixHeader.pch";
				INFOPLIST_FILE = "百思不得姐/Info.plist";
				LD_RUNPATH_SEARCH_PATHS = "$(inherited) @executable_path/Frameworks";
				PRODUCT_BUNDLE_IDENTIFIER = "wdcew.-----";
				PRODUCT_NAME = "$(TARGET_NAME)";
			};
			name = Debug;
		};
		909BC3431D34CE7D00AA16ED /* Release */ = {
			isa = XCBuildConfiguration;
			baseConfigurationReference = 620A0E08BA0C98B00A0056F0 /* Pods-百思不得姐.release.xcconfig */;
			buildSettings = {
				ASSETCATALOG_COMPILER_APPICON_NAME = AppIcon;
				ASSETCATALOG_COMPILER_LAUNCHIMAGE_NAME = "Brand Assets";
				GCC_PREFIX_HEADER = "百思不得姐/PrefixHeader.pch";
				INFOPLIST_FILE = "百思不得姐/Info.plist";
				LD_RUNPATH_SEARCH_PATHS = "$(inherited) @executable_path/Frameworks";
				PRODUCT_BUNDLE_IDENTIFIER = "wdcew.-----";
				PRODUCT_NAME = "$(TARGET_NAME)";
			};
			name = Release;
		};
		909BC3451D34CE7D00AA16ED /* Debug */ = {
			isa = XCBuildConfiguration;
			baseConfigurationReference = 8326036C5D7FF074BE3C05F5 /* Pods-百思不得姐Tests.debug.xcconfig */;
			buildSettings = {
				BUNDLE_LOADER = "$(TEST_HOST)";
				INFOPLIST_FILE = "百思不得姐Tests/Info.plist";
				LD_RUNPATH_SEARCH_PATHS = "$(inherited) @executable_path/Frameworks @loader_path/Frameworks";
				PRODUCT_BUNDLE_IDENTIFIER = "wdcew.-----Tests";
				PRODUCT_NAME = "$(TARGET_NAME)";
				TEST_HOST = "$(BUILT_PRODUCTS_DIR)/百思不得姐.app/百思不得姐";
			};
			name = Debug;
		};
		909BC3461D34CE7D00AA16ED /* Release */ = {
			isa = XCBuildConfiguration;
			baseConfigurationReference = 30C02085DCA2CE47C129CFE3 /* Pods-百思不得姐Tests.release.xcconfig */;
			buildSettings = {
				BUNDLE_LOADER = "$(TEST_HOST)";
				INFOPLIST_FILE = "百思不得姐Tests/Info.plist";
				LD_RUNPATH_SEARCH_PATHS = "$(inherited) @executable_path/Frameworks @loader_path/Frameworks";
				PRODUCT_BUNDLE_IDENTIFIER = "wdcew.-----Tests";
				PRODUCT_NAME = "$(TARGET_NAME)";
				TEST_HOST = "$(BUILT_PRODUCTS_DIR)/百思不得姐.app/百思不得姐";
			};
			name = Release;
		};
		909BC3481D34CE7D00AA16ED /* Debug */ = {
			isa = XCBuildConfiguration;
			baseConfigurationReference = A472E276499FA180BB05483B /* Pods-百思不得姐UITests.debug.xcconfig */;
			buildSettings = {
				INFOPLIST_FILE = "百思不得姐UITests/Info.plist";
				LD_RUNPATH_SEARCH_PATHS = "$(inherited) @executable_path/Frameworks @loader_path/Frameworks";
				PRODUCT_BUNDLE_IDENTIFIER = "wdcew.-----UITests";
				PRODUCT_NAME = "$(TARGET_NAME)";
				TEST_TARGET_NAME = "百思不得姐";
			};
			name = Debug;
		};
		909BC3491D34CE7D00AA16ED /* Release */ = {
			isa = XCBuildConfiguration;
			baseConfigurationReference = ED47B72E69692BD0666D1B5D /* Pods-百思不得姐UITests.release.xcconfig */;
			buildSettings = {
				INFOPLIST_FILE = "百思不得姐UITests/Info.plist";
				LD_RUNPATH_SEARCH_PATHS = "$(inherited) @executable_path/Frameworks @loader_path/Frameworks";
				PRODUCT_BUNDLE_IDENTIFIER = "wdcew.-----UITests";
				PRODUCT_NAME = "$(TARGET_NAME)";
				TEST_TARGET_NAME = "百思不得姐";
			};
			name = Release;
		};
/* End XCBuildConfiguration section */

/* Begin XCConfigurationList section */
		909BC30F1D34CE7D00AA16ED /* Build configuration list for PBXProject "百思不得姐" */ = {
			isa = XCConfigurationList;
			buildConfigurations = (
				909BC33F1D34CE7D00AA16ED /* Debug */,
				909BC3401D34CE7D00AA16ED /* Release */,
			);
			defaultConfigurationIsVisible = 0;
			defaultConfigurationName = Release;
		};
		909BC3411D34CE7D00AA16ED /* Build configuration list for PBXNativeTarget "百思不得姐" */ = {
			isa = XCConfigurationList;
			buildConfigurations = (
				909BC3421D34CE7D00AA16ED /* Debug */,
				909BC3431D34CE7D00AA16ED /* Release */,
			);
			defaultConfigurationIsVisible = 0;
			defaultConfigurationName = Release;
		};
		909BC3441D34CE7D00AA16ED /* Build configuration list for PBXNativeTarget "百思不得姐Tests" */ = {
			isa = XCConfigurationList;
			buildConfigurations = (
				909BC3451D34CE7D00AA16ED /* Debug */,
				909BC3461D34CE7D00AA16ED /* Release */,
			);
			defaultConfigurationIsVisible = 0;
			defaultConfigurationName = Release;
		};
		909BC3471D34CE7D00AA16ED /* Build configuration list for PBXNativeTarget "百思不得姐UITests" */ = {
			isa = XCConfigurationList;
			buildConfigurations = (
				909BC3481D34CE7D00AA16ED /* Debug */,
				909BC3491D34CE7D00AA16ED /* Release */,
			);
			defaultConfigurationIsVisible = 0;
			defaultConfigurationName = Release;
		};
/* End XCConfigurationList section */
	};
	rootObject = 909BC30C1D34CE7D00AA16ED /* Project object */;
}
